// !$*UTF8*$!
{
	archiveVersion = 1;
	classes = {
	};
	objectVersion = 46;
	objects = {

/* Begin PBXBuildFile section */
		2E6DA4DCEDA6FC0E68557D16 /* libPods-Librarius.a in Frameworks */ = {isa = PBXBuildFile; fileRef = EBADCB9C83FA635A577697F9 /* libPods-Librarius.a */; };
		380375321B8AC9A8004C4ECE /* main.m in Sources */ = {isa = PBXBuildFile; fileRef = 380375311B8AC9A8004C4ECE /* main.m */; };
		380375351B8AC9A8004C4ECE /* AppDelegate.m in Sources */ = {isa = PBXBuildFile; fileRef = 380375341B8AC9A8004C4ECE /* AppDelegate.m */; };
		3803753B1B8AC9A8004C4ECE /* LBRBarcodeScannerViewController.m in Sources */ = {isa = PBXBuildFile; fileRef = 3803753A1B8AC9A8004C4ECE /* LBRBarcodeScannerViewController.m */; };
		3803753E1B8AC9A8004C4ECE /* Main.storyboard in Resources */ = {isa = PBXBuildFile; fileRef = 3803753C1B8AC9A8004C4ECE /* Main.storyboard */; };
		380375401B8AC9A8004C4ECE /* Images.xcassets in Resources */ = {isa = PBXBuildFile; fileRef = 3803753F1B8AC9A8004C4ECE /* Images.xcassets */; };
		3803754F1B8AC9A8004C4ECE /* LibrariusTests.m in Sources */ = {isa = PBXBuildFile; fileRef = 3803754E1B8AC9A8004C4ECE /* LibrariusTests.m */; };
		3803755B1B8B9F5E004C4ECE /* LBRConstants.m in Sources */ = {isa = PBXBuildFile; fileRef = 3803755A1B8B9F5E004C4ECE /* LBRConstants.m */; };
		380375621B8BB707004C4ECE /* LBRGoodReadsAPIClient.m in Sources */ = {isa = PBXBuildFile; fileRef = 380375611B8BB707004C4ECE /* LBRGoodReadsAPIClient.m */; };
		3803756A1B8BC89D004C4ECE /* LBRGoogleSignInViewController.m in Sources */ = {isa = PBXBuildFile; fileRef = 380375691B8BC89D004C4ECE /* LBRGoogleSignInViewController.m */; };
		380375721B8BF058004C4ECE /* UIImage+FromURL.m in Sources */ = {isa = PBXBuildFile; fileRef = 380375711B8BF058004C4ECE /* UIImage+FromURL.m */; };
		3803757E1B8C16B3004C4ECE /* GoogleService-Info.plist in Resources */ = {isa = PBXBuildFile; fileRef = 3803757D1B8C16B3004C4ECE /* GoogleService-Info.plist */; };
		3803757F1B8C17EB004C4ECE /* LaunchScreen.xib in Resources */ = {isa = PBXBuildFile; fileRef = 380375411B8AC9A8004C4ECE /* LaunchScreen.xib */; };
		380375F71B8D4E90004C4ECE /* BookCollection_TableViewController.m in Sources */ = {isa = PBXBuildFile; fileRef = 380375F41B8D4E90004C4ECE /* BookCollection_TableViewController.m */; };
		380375F81B8D4E90004C4ECE /* BookDetailViewController.m in Sources */ = {isa = PBXBuildFile; fileRef = 380375F61B8D4E90004C4ECE /* BookDetailViewController.m */; };
		380DBB991BEC527A003BE27D /* UIView+ABB_Categories.m in Sources */ = {isa = PBXBuildFile; fileRef = 380DBB981BEC527A003BE27D /* UIView+ABB_Categories.m */; };
		380DBB9C1BEC53FA003BE27D /* LBR_BookcasePopoverViewController.m in Sources */ = {isa = PBXBuildFile; fileRef = 380DBB9B1BEC53FA003BE27D /* LBR_BookcasePopoverViewController.m */; };
		38103B591BD033AE009F22E3 /* LBR_ShelvedBookCell.m in Sources */ = {isa = PBXBuildFile; fileRef = 38103B581BD033AE009F22E3 /* LBR_ShelvedBookCell.m */; };
		38103B5C1BD033E4009F22E3 /* LBR_BookcaseLayout.m in Sources */ = {isa = PBXBuildFile; fileRef = 38103B5B1BD033E4009F22E3 /* LBR_BookcaseLayout.m */; };
		3810D9F81BD585150093D5C2 /* UITableViewCell+FlatUI.m in Sources */ = {isa = PBXBuildFile; fileRef = 3810D9F71BD585150093D5C2 /* UITableViewCell+FlatUI.m */; };
		3810D9FB1BD585300093D5C2 /* FUICellBackgroundView.m in Sources */ = {isa = PBXBuildFile; fileRef = 3810D9FA1BD585300093D5C2 /* FUICellBackgroundView.m */; };
		3810D9FE1BD5BDE60093D5C2 /* UIColor-Expanded.m in Sources */ = {isa = PBXBuildFile; fileRef = 3810D9FC1BD5BDE60093D5C2 /* UIColor-Expanded.m */; };
		3810DA101BD5E0980093D5C2 /* Utils.m in Sources */ = {isa = PBXBuildFile; fileRef = 3810DA0D1BD5E0980093D5C2 /* Utils.m */; };
		3810DA111BD5E0980093D5C2 /* FlatTheme.m in Sources */ = {isa = PBXBuildFile; fileRef = 3810DA0F1BD5E0980093D5C2 /* FlatTheme.m */; };
		3810DA141BD5E0A90093D5C2 /* SettingsCell1.m in Sources */ = {isa = PBXBuildFile; fileRef = 3810DA131BD5E0A90093D5C2 /* SettingsCell1.m */; };
		3810DA1E1BD5E0ED0093D5C2 /* MBProgressHUD.m in Sources */ = {isa = PBXBuildFile; fileRef = 3810DA1D1BD5E0ED0093D5C2 /* MBProgressHUD.m */; };
		3810DA211BD5E1420093D5C2 /* ADVFlatUI-Resources.xcassets in Resources */ = {isa = PBXBuildFile; fileRef = 3810DA201BD5E1420093D5C2 /* ADVFlatUI-Resources.xcassets */; };
		381EBC051BA0FF63000D2FA4 /* LBRShelves_CollectionViewController.m in Sources */ = {isa = PBXBuildFile; fileRef = 381EBC041BA0FF63000D2FA4 /* LBRShelves_CollectionViewController.m */; };
		381FC2951BD13A09003A3C52 /* LBR_BookcaseCollectionViewController.m in Sources */ = {isa = PBXBuildFile; fileRef = 381FC2941BD13A09003A3C52 /* LBR_BookcaseCollectionViewController.m */; };
		381FC2BB1BD15D45003A3C52 /* LBR_BookcaseModel.m in Sources */ = {isa = PBXBuildFile; fileRef = 381FC2BA1BD15D45003A3C52 /* LBR_BookcaseModel.m */; };
		382A83BA1BB3BA94008860CF /* LBRRecommendationsCollectionViewController.m in Sources */ = {isa = PBXBuildFile; fileRef = 382A83B91BB3BA94008860CF /* LBRRecommendationsCollectionViewController.m */; };
		382A83BD1BB3D6E1008860CF /* PresentDetailTransition.m in Sources */ = {isa = PBXBuildFile; fileRef = 382A83BC1BB3D6E1008860CF /* PresentDetailTransition.m */; };
		382A83C11BB3D926008860CF /* DismissDetailTransition.m in Sources */ = {isa = PBXBuildFile; fileRef = 382A83C01BB3D926008860CF /* DismissDetailTransition.m */; };
		382A83ED1BB4AF98008860CF /* LBRBatchScanScrollView.m in Sources */ = {isa = PBXBuildFile; fileRef = 382A83EC1BB4AF98008860CF /* LBRBatchScanScrollView.m */; };
		3837F2C41BE2F1B200170FF6 /* CoverArt.m in Sources */ = {isa = PBXBuildFile; fileRef = 3837F2BC1BE2F1B200170FF6 /* CoverArt.m */; };
		3837F2CE1BE2F33A00170FF6 /* Volume.m in Sources */ = {isa = PBXBuildFile; fileRef = 3837F2C91BE2F33A00170FF6 /* Volume.m */; };
		3837F2CF1BE2F33A00170FF6 /* Library.m in Sources */ = {isa = PBXBuildFile; fileRef = 3837F2CB1BE2F33A00170FF6 /* Library.m */; };
		3837F2D01BE2F33A00170FF6 /* Bookcase.m in Sources */ = {isa = PBXBuildFile; fileRef = 3837F2CD1BE2F33A00170FF6 /* Bookcase.m */; };
		383A2F961BEEE42A006D115F /* LBR_PopoverBackgroundView.m in Sources */ = {isa = PBXBuildFile; fileRef = 383A2F951BEEE42A006D115F /* LBR_PopoverBackgroundView.m */; };
		383E18E21BF256BE0002F9DE /* Bookcase+CoreDataProperties.m in Sources */ = {isa = PBXBuildFile; fileRef = 383E18DB1BF256BE0002F9DE /* Bookcase+CoreDataProperties.m */; };
		383E18E31BF256BE0002F9DE /* CoverArt+CoreDataProperties.m in Sources */ = {isa = PBXBuildFile; fileRef = 383E18DD1BF256BE0002F9DE /* CoverArt+CoreDataProperties.m */; };
		383E18E41BF256BE0002F9DE /* Volume+CoreDataProperties.m in Sources */ = {isa = PBXBuildFile; fileRef = 383E18DF1BF256BE0002F9DE /* Volume+CoreDataProperties.m */; };
		383E18E51BF256BE0002F9DE /* Library+CoreDataProperties.m in Sources */ = {isa = PBXBuildFile; fileRef = 383E18E11BF256BE0002F9DE /* Library+CoreDataProperties.m */; };
		38466D281B94F24400DD252E /* LBRGoogleGTLClient.m in Sources */ = {isa = PBXBuildFile; fileRef = 38466D271B94F24400DD252E /* LBRGoogleGTLClient.m */; };
		384E0CC01B97D24B007E7290 /* NSString+dateValue.m in Sources */ = {isa = PBXBuildFile; fileRef = 384E0CBF1B97D24B007E7290 /* NSString+dateValue.m */; };
		3851DBFD1B8E2E5A00E90B9F /* LBRDataManager.m in Sources */ = {isa = PBXBuildFile; fileRef = 3851DBFC1B8E2E5A00E90B9F /* LBRDataManager.m */; };
		3855E26F1BB0DBD4004C5D11 /* LBRAlertContent_TableViewCell.m in Sources */ = {isa = PBXBuildFile; fileRef = 3855E26E1BB0DBD4004C5D11 /* LBRAlertContent_TableViewCell.m */; };
		3855E2721BB10AA5004C5D11 /* UIView+ConfigureForAutoLayout.m in Sources */ = {isa = PBXBuildFile; fileRef = 3855E2711BB10AA5004C5D11 /* UIView+ConfigureForAutoLayout.m */; };
		38565D701B9A20B800349498 /* LBRParsedVolume.m in Sources */ = {isa = PBXBuildFile; fileRef = 38565D6F1B9A20B800349498 /* LBRParsedVolume.m */; };
		386B7D0F1BF154AD004A1DF8 /* LBR_LibraryConstruction_TableViewController.m in Sources */ = {isa = PBXBuildFile; fileRef = 386B7D0E1BF154AD004A1DF8 /* LBR_LibraryConstruction_TableViewController.m */; };
		386B7D161BF15BC2004A1DF8 /* LBR_LibrarySelection_TableViewCell.m in Sources */ = {isa = PBXBuildFile; fileRef = 386B7D151BF15BC2004A1DF8 /* LBR_LibrarySelection_TableViewCell.m */; };
		386C23751BD934520065B46F /* LBRRecommendations_CollectionViewHeader.m in Sources */ = {isa = PBXBuildFile; fileRef = 386C23741BD934520065B46F /* LBRRecommendations_CollectionViewHeader.m */; };
		386C23781BD968920065B46F /* LBRRecommendedBook_CollectionViewCell.m in Sources */ = {isa = PBXBuildFile; fileRef = 386C23771BD968920065B46F /* LBRRecommendedBook_CollectionViewCell.m */; };
		387039B81B9D23C900381007 /* SelectionView.xib in Resources */ = {isa = PBXBuildFile; fileRef = 387039B71B9D23C900381007 /* SelectionView.xib */; };
		388266801BDEC70F004B757F /* LBR_EmptyFlowLayout.m in Sources */ = {isa = PBXBuildFile; fileRef = 3882667F1BDEC70F004B757F /* LBR_EmptyFlowLayout.m */; };
		388DBDF31BA9174A005C5125 /* THNavigationController.m in Sources */ = {isa = PBXBuildFile; fileRef = 388DBDF21BA9174A005C5125 /* THNavigationController.m */; };
		388DBE301BAA0F60005C5125 /* LBRCustomLayout.m in Sources */ = {isa = PBXBuildFile; fileRef = 388DBE2F1BAA0F60005C5125 /* LBRCustomLayout.m */; };
		388DBE331BAA54C8005C5125 /* UIImage+imageScaledToHeight.m in Sources */ = {isa = PBXBuildFile; fileRef = 388DBE321BAA54C8005C5125 /* UIImage+imageScaledToHeight.m */; };
		38A329071BE3F24F0060E9D5 /* Reachability.m in Sources */ = {isa = PBXBuildFile; fileRef = 38A329061BE3F24F0060E9D5 /* Reachability.m */; };
		38AAD6F01B901175003062C1 /* Librarius.xcdatamodeld in Sources */ = {isa = PBXBuildFile; fileRef = 38AAD6EE1B901175003062C1 /* Librarius.xcdatamodeld */; };
		38BE31E21B961F7000C46001 /* volumePresentationView.xib in Resources */ = {isa = PBXBuildFile; fileRef = 38BE31E11B961F7000C46001 /* volumePresentationView.xib */; };
		38CD5FD11B9DE78400963D2F /* VolumeDetailsCell.xib in Resources */ = {isa = PBXBuildFile; fileRef = 38CD5FD01B9DE78400963D2F /* VolumeDetailsCell.xib */; };
		38D601981BDA95B100E3D60F /* iAd.framework in Frameworks */ = {isa = PBXBuildFile; fileRef = 38D601971BDA95B100E3D60F /* iAd.framework */; };
		38D6019B1BDAAAC900E3D60F /* LBRShelf_DecorationView.m in Sources */ = {isa = PBXBuildFile; fileRef = 38D6019A1BDAAAC900E3D60F /* LBRShelf_DecorationView.m */; };
		38D6019E1BDAAEDE00E3D60F /* LBRRecommendations_FlowLayout.m in Sources */ = {isa = PBXBuildFile; fileRef = 38D6019D1BDAAEDE00E3D60F /* LBRRecommendations_FlowLayout.m */; };
		38D601A11BDABE1E00E3D60F /* TODO-FIXME-list.md in Resources */ = {isa = PBXBuildFile; fileRef = 38D601A01BDABE1E00E3D60F /* TODO-FIXME-list.md */; };
		38DA43D01BE66F2B00FEFD16 /* README.md in Sources */ = {isa = PBXBuildFile; fileRef = 38DA43CF1BE66F2B00FEFD16 /* README.md */; };
		38DA43D31BE66FD200FEFD16 /* LBR_BookcaseLayout_AuthorOnly.m in Sources */ = {isa = PBXBuildFile; fileRef = 38DA43D21BE66FD200FEFD16 /* LBR_BookcaseLayout_AuthorOnly.m */; };
		38DA43DB1BE7056900FEFD16 /* LBRSettingsCell.m in Sources */ = {isa = PBXBuildFile; fileRef = 38DA43DA1BE7056900FEFD16 /* LBRSettingsCell.m */; };
		38DA43DD1BE705EF00FEFD16 /* LBRSettingsCell.xib in Resources */ = {isa = PBXBuildFile; fileRef = 38DA43DC1BE705EF00FEFD16 /* LBRSettingsCell.xib */; };
		38DF003A1BE7F9C800D4BCE3 /* LBRAcknowledgements_ViewController.m in Sources */ = {isa = PBXBuildFile; fileRef = 38DF00391BE7F9C800D4BCE3 /* LBRAcknowledgements_ViewController.m */; };
		38DF003D1BE7FFE900D4BCE3 /* NSString+ArrayWriter.m in Sources */ = {isa = PBXBuildFile; fileRef = 38DF003C1BE7FFE900D4BCE3 /* NSString+ArrayWriter.m */; };
		38E2497F1BE2AEEC0047EBF7 /* ABB_BufferToolbar.m in Sources */ = {isa = PBXBuildFile; fileRef = 38E2497E1BE2AEEC0047EBF7 /* ABB_BufferToolbar.m */; };
		38E71DAF1BA337BB00DE1C61 /* LBRShelvedBook_CollectionViewCell.m in Sources */ = {isa = PBXBuildFile; fileRef = 38E71DAE1BA337BB00DE1C61 /* LBRShelvedBook_CollectionViewCell.m */; };
		38F3C0D91BDFE01F005AF2ED /* LBR_ResultsTableViewController.m in Sources */ = {isa = PBXBuildFile; fileRef = 38F3C0D81BDFE01F005AF2ED /* LBR_ResultsTableViewController.m */; };
		38F57BB71BB0707200CC2EE8 /* UIToolbar+FlatUI.m in Sources */ = {isa = PBXBuildFile; fileRef = 38F57B9D1BB0707200CC2EE8 /* UIToolbar+FlatUI.m */; };
		38F57BB91BB0707200CC2EE8 /* UITabBar+FlatUI.m in Sources */ = {isa = PBXBuildFile; fileRef = 38F57BA11BB0707200CC2EE8 /* UITabBar+FlatUI.m */; };
		38F57BBA1BB0707200CC2EE8 /* UIStepper+FlatUI.m in Sources */ = {isa = PBXBuildFile; fileRef = 38F57BA31BB0707200CC2EE8 /* UIStepper+FlatUI.m */; };
		38F57BBB1BB0707200CC2EE8 /* UISlider+FlatUI.m in Sources */ = {isa = PBXBuildFile; fileRef = 38F57BA51BB0707200CC2EE8 /* UISlider+FlatUI.m */; };
		38F57BBC1BB0707200CC2EE8 /* UIProgressView+FlatUI.m in Sources */ = {isa = PBXBuildFile; fileRef = 38F57BA71BB0707200CC2EE8 /* UIProgressView+FlatUI.m */; };
		38F57BBE1BB0707200CC2EE8 /* UINavigationBar+FlatUI.m in Sources */ = {isa = PBXBuildFile; fileRef = 38F57BAB1BB0707200CC2EE8 /* UINavigationBar+FlatUI.m */; };
		38F57BBF1BB0707200CC2EE8 /* UIImage+FlatUI.m in Sources */ = {isa = PBXBuildFile; fileRef = 38F57BAD1BB0707200CC2EE8 /* UIImage+FlatUI.m */; };
		38F57BC01BB0707200CC2EE8 /* UIFont+FlatUI.m in Sources */ = {isa = PBXBuildFile; fileRef = 38F57BAF1BB0707200CC2EE8 /* UIFont+FlatUI.m */; };
		38F57BC11BB0707200CC2EE8 /* UIColor+FlatUI.m in Sources */ = {isa = PBXBuildFile; fileRef = 38F57BB11BB0707200CC2EE8 /* UIColor+FlatUI.m */; };
		38F57BC21BB0707200CC2EE8 /* UIBarButtonItem+FlatUI.m in Sources */ = {isa = PBXBuildFile; fileRef = 38F57BB31BB0707200CC2EE8 /* UIBarButtonItem+FlatUI.m */; };
		38F57BC31BB0707200CC2EE8 /* NSString+Icons.m in Sources */ = {isa = PBXBuildFile; fileRef = 38F57BB51BB0707200CC2EE8 /* NSString+Icons.m */; };
		38FABE881BD49AE4009479E9 /* UIColor+ABBColors.m in Sources */ = {isa = PBXBuildFile; fileRef = 38FABE871BD49AE4009479E9 /* UIColor+ABBColors.m */; };
/* End PBXBuildFile section */

/* Begin PBXContainerItemProxy section */
		380375491B8AC9A8004C4ECE /* PBXContainerItemProxy */ = {
			isa = PBXContainerItemProxy;
			containerPortal = 380375241B8AC9A8004C4ECE /* Project object */;
			proxyType = 1;
			remoteGlobalIDString = 3803752B1B8AC9A8004C4ECE;
			remoteInfo = Librarius;
		};
/* End PBXContainerItemProxy section */

/* Begin PBXFileReference section */
		3803752C1B8AC9A8004C4ECE /* Librarius.app */ = {isa = PBXFileReference; explicitFileType = wrapper.application; includeInIndex = 0; path = Librarius.app; sourceTree = BUILT_PRODUCTS_DIR; };
		380375301B8AC9A8004C4ECE /* Info.plist */ = {isa = PBXFileReference; lastKnownFileType = text.plist.xml; path = Info.plist; sourceTree = "<group>"; };
		380375311B8AC9A8004C4ECE /* main.m */ = {isa = PBXFileReference; lastKnownFileType = sourcecode.c.objc; path = main.m; sourceTree = "<group>"; };
		380375331B8AC9A8004C4ECE /* AppDelegate.h */ = {isa = PBXFileReference; lastKnownFileType = sourcecode.c.h; path = AppDelegate.h; sourceTree = "<group>"; };
		380375341B8AC9A8004C4ECE /* AppDelegate.m */ = {isa = PBXFileReference; lastKnownFileType = sourcecode.c.objc; path = AppDelegate.m; sourceTree = "<group>"; };
		380375391B8AC9A8004C4ECE /* LBRBarcodeScannerViewController.h */ = {isa = PBXFileReference; lastKnownFileType = sourcecode.c.h; path = LBRBarcodeScannerViewController.h; sourceTree = "<group>"; };
		3803753A1B8AC9A8004C4ECE /* LBRBarcodeScannerViewController.m */ = {isa = PBXFileReference; lastKnownFileType = sourcecode.c.objc; path = LBRBarcodeScannerViewController.m; sourceTree = "<group>"; };
		3803753D1B8AC9A8004C4ECE /* Base */ = {isa = PBXFileReference; lastKnownFileType = file.storyboard; name = Base; path = Base.lproj/Main.storyboard; sourceTree = "<group>"; };
		3803753F1B8AC9A8004C4ECE /* Images.xcassets */ = {isa = PBXFileReference; lastKnownFileType = folder.assetcatalog; path = Images.xcassets; sourceTree = "<group>"; };
		380375421B8AC9A8004C4ECE /* Base */ = {isa = PBXFileReference; lastKnownFileType = file.xib; name = Base; path = Base.lproj/LaunchScreen.xib; sourceTree = "<group>"; };
		380375481B8AC9A8004C4ECE /* LibrariusTests.xctest */ = {isa = PBXFileReference; explicitFileType = wrapper.cfbundle; includeInIndex = 0; path = LibrariusTests.xctest; sourceTree = BUILT_PRODUCTS_DIR; };
		3803754D1B8AC9A8004C4ECE /* Info.plist */ = {isa = PBXFileReference; lastKnownFileType = text.plist.xml; path = Info.plist; sourceTree = "<group>"; };
		3803754E1B8AC9A8004C4ECE /* LibrariusTests.m */ = {isa = PBXFileReference; lastKnownFileType = sourcecode.c.objc; path = LibrariusTests.m; sourceTree = "<group>"; };
		380375591B8B9F5E004C4ECE /* LBRConstants.h */ = {isa = PBXFileReference; fileEncoding = 4; lastKnownFileType = sourcecode.c.h; path = LBRConstants.h; sourceTree = "<group>"; };
		3803755A1B8B9F5E004C4ECE /* LBRConstants.m */ = {isa = PBXFileReference; fileEncoding = 4; lastKnownFileType = sourcecode.c.objc; path = LBRConstants.m; sourceTree = "<group>"; };
		380375601B8BB707004C4ECE /* LBRGoodReadsAPIClient.h */ = {isa = PBXFileReference; fileEncoding = 4; lastKnownFileType = sourcecode.c.h; path = LBRGoodReadsAPIClient.h; sourceTree = "<group>"; };
		380375611B8BB707004C4ECE /* LBRGoodReadsAPIClient.m */ = {isa = PBXFileReference; fileEncoding = 4; lastKnownFileType = sourcecode.c.objc; path = LBRGoodReadsAPIClient.m; sourceTree = "<group>"; };
		380375681B8BC89D004C4ECE /* LBRGoogleSignInViewController.h */ = {isa = PBXFileReference; fileEncoding = 4; lastKnownFileType = sourcecode.c.h; path = LBRGoogleSignInViewController.h; sourceTree = "<group>"; };
		380375691B8BC89D004C4ECE /* LBRGoogleSignInViewController.m */ = {isa = PBXFileReference; fileEncoding = 4; lastKnownFileType = sourcecode.c.objc; path = LBRGoogleSignInViewController.m; sourceTree = "<group>"; };
		380375701B8BF058004C4ECE /* UIImage+FromURL.h */ = {isa = PBXFileReference; fileEncoding = 4; lastKnownFileType = sourcecode.c.h; path = "UIImage+FromURL.h"; sourceTree = "<group>"; };
		380375711B8BF058004C4ECE /* UIImage+FromURL.m */ = {isa = PBXFileReference; fileEncoding = 4; lastKnownFileType = sourcecode.c.objc; path = "UIImage+FromURL.m"; sourceTree = "<group>"; };
		3803757D1B8C16B3004C4ECE /* GoogleService-Info.plist */ = {isa = PBXFileReference; fileEncoding = 4; lastKnownFileType = text.plist.xml; path = "GoogleService-Info.plist"; sourceTree = "<group>"; };
		380375F31B8D4E90004C4ECE /* BookCollection_TableViewController.h */ = {isa = PBXFileReference; fileEncoding = 4; lastKnownFileType = sourcecode.c.h; path = BookCollection_TableViewController.h; sourceTree = "<group>"; };
		380375F41B8D4E90004C4ECE /* BookCollection_TableViewController.m */ = {isa = PBXFileReference; fileEncoding = 4; lastKnownFileType = sourcecode.c.objc; path = BookCollection_TableViewController.m; sourceTree = "<group>"; };
		380375F51B8D4E90004C4ECE /* BookDetailViewController.h */ = {isa = PBXFileReference; fileEncoding = 4; lastKnownFileType = sourcecode.c.h; path = BookDetailViewController.h; sourceTree = "<group>"; };
		380375F61B8D4E90004C4ECE /* BookDetailViewController.m */ = {isa = PBXFileReference; fileEncoding = 4; lastKnownFileType = sourcecode.c.objc; path = BookDetailViewController.m; sourceTree = "<group>"; };
		380DBB971BEC527A003BE27D /* UIView+ABB_Categories.h */ = {isa = PBXFileReference; fileEncoding = 4; lastKnownFileType = sourcecode.c.h; path = "UIView+ABB_Categories.h"; sourceTree = "<group>"; };
		380DBB981BEC527A003BE27D /* UIView+ABB_Categories.m */ = {isa = PBXFileReference; fileEncoding = 4; lastKnownFileType = sourcecode.c.objc; path = "UIView+ABB_Categories.m"; sourceTree = "<group>"; };
		380DBB9A1BEC53FA003BE27D /* LBR_BookcasePopoverViewController.h */ = {isa = PBXFileReference; fileEncoding = 4; lastKnownFileType = sourcecode.c.h; path = LBR_BookcasePopoverViewController.h; sourceTree = "<group>"; };
		380DBB9B1BEC53FA003BE27D /* LBR_BookcasePopoverViewController.m */ = {isa = PBXFileReference; fileEncoding = 4; lastKnownFileType = sourcecode.c.objc; path = LBR_BookcasePopoverViewController.m; sourceTree = "<group>"; };
		38103B571BD033AE009F22E3 /* LBR_ShelvedBookCell.h */ = {isa = PBXFileReference; fileEncoding = 4; lastKnownFileType = sourcecode.c.h; path = LBR_ShelvedBookCell.h; sourceTree = "<group>"; };
		38103B581BD033AE009F22E3 /* LBR_ShelvedBookCell.m */ = {isa = PBXFileReference; fileEncoding = 4; lastKnownFileType = sourcecode.c.objc; path = LBR_ShelvedBookCell.m; sourceTree = "<group>"; };
		38103B5A1BD033E4009F22E3 /* LBR_BookcaseLayout.h */ = {isa = PBXFileReference; fileEncoding = 4; lastKnownFileType = sourcecode.c.h; path = LBR_BookcaseLayout.h; sourceTree = "<group>"; };
		38103B5B1BD033E4009F22E3 /* LBR_BookcaseLayout.m */ = {isa = PBXFileReference; fileEncoding = 4; lastKnownFileType = sourcecode.c.objc; path = LBR_BookcaseLayout.m; sourceTree = "<group>"; };
		3810D9F61BD585150093D5C2 /* UITableViewCell+FlatUI.h */ = {isa = PBXFileReference; fileEncoding = 4; lastKnownFileType = sourcecode.c.h; path = "UITableViewCell+FlatUI.h"; sourceTree = "<group>"; };
		3810D9F71BD585150093D5C2 /* UITableViewCell+FlatUI.m */ = {isa = PBXFileReference; fileEncoding = 4; lastKnownFileType = sourcecode.c.objc; path = "UITableViewCell+FlatUI.m"; sourceTree = "<group>"; };
		3810D9F91BD585300093D5C2 /* FUICellBackgroundView.h */ = {isa = PBXFileReference; fileEncoding = 4; lastKnownFileType = sourcecode.c.h; path = FUICellBackgroundView.h; sourceTree = "<group>"; };
		3810D9FA1BD585300093D5C2 /* FUICellBackgroundView.m */ = {isa = PBXFileReference; fileEncoding = 4; lastKnownFileType = sourcecode.c.objc; path = FUICellBackgroundView.m; sourceTree = "<group>"; };
		3810D9FC1BD5BDE60093D5C2 /* UIColor-Expanded.m */ = {isa = PBXFileReference; fileEncoding = 4; lastKnownFileType = sourcecode.c.objc; path = "UIColor-Expanded.m"; sourceTree = "<group>"; };
		3810D9FD1BD5BDE60093D5C2 /* UIColor-Expanded.h */ = {isa = PBXFileReference; fileEncoding = 4; lastKnownFileType = sourcecode.c.h; path = "UIColor-Expanded.h"; sourceTree = "<group>"; };
		3810DA0C1BD5E0980093D5C2 /* Utils.h */ = {isa = PBXFileReference; fileEncoding = 4; lastKnownFileType = sourcecode.c.h; path = Utils.h; sourceTree = "<group>"; };
		3810DA0D1BD5E0980093D5C2 /* Utils.m */ = {isa = PBXFileReference; fileEncoding = 4; lastKnownFileType = sourcecode.c.objc; path = Utils.m; sourceTree = "<group>"; };
		3810DA0E1BD5E0980093D5C2 /* FlatTheme.h */ = {isa = PBXFileReference; fileEncoding = 4; lastKnownFileType = sourcecode.c.h; path = FlatTheme.h; sourceTree = "<group>"; };
		3810DA0F1BD5E0980093D5C2 /* FlatTheme.m */ = {isa = PBXFileReference; fileEncoding = 4; lastKnownFileType = sourcecode.c.objc; path = FlatTheme.m; sourceTree = "<group>"; };
		3810DA121BD5E0A90093D5C2 /* SettingsCell1.h */ = {isa = PBXFileReference; fileEncoding = 4; lastKnownFileType = sourcecode.c.h; path = SettingsCell1.h; sourceTree = "<group>"; };
		3810DA131BD5E0A90093D5C2 /* SettingsCell1.m */ = {isa = PBXFileReference; fileEncoding = 4; lastKnownFileType = sourcecode.c.objc; path = SettingsCell1.m; sourceTree = "<group>"; };
		3810DA1C1BD5E0ED0093D5C2 /* MBProgressHUD.h */ = {isa = PBXFileReference; fileEncoding = 4; lastKnownFileType = sourcecode.c.h; path = MBProgressHUD.h; sourceTree = "<group>"; };
		3810DA1D1BD5E0ED0093D5C2 /* MBProgressHUD.m */ = {isa = PBXFileReference; fileEncoding = 4; lastKnownFileType = sourcecode.c.objc; path = MBProgressHUD.m; sourceTree = "<group>"; };
		3810DA201BD5E1420093D5C2 /* ADVFlatUI-Resources.xcassets */ = {isa = PBXFileReference; lastKnownFileType = folder.assetcatalog; path = "ADVFlatUI-Resources.xcassets"; sourceTree = "<group>"; };
		381EBC031BA0FF63000D2FA4 /* LBRShelves_CollectionViewController.h */ = {isa = PBXFileReference; fileEncoding = 4; lastKnownFileType = sourcecode.c.h; path = LBRShelves_CollectionViewController.h; sourceTree = "<group>"; };
		381EBC041BA0FF63000D2FA4 /* LBRShelves_CollectionViewController.m */ = {isa = PBXFileReference; fileEncoding = 4; lastKnownFileType = sourcecode.c.objc; path = LBRShelves_CollectionViewController.m; sourceTree = "<group>"; };
		381FC2931BD13A09003A3C52 /* LBR_BookcaseCollectionViewController.h */ = {isa = PBXFileReference; fileEncoding = 4; lastKnownFileType = sourcecode.c.h; path = LBR_BookcaseCollectionViewController.h; sourceTree = "<group>"; };
		381FC2941BD13A09003A3C52 /* LBR_BookcaseCollectionViewController.m */ = {isa = PBXFileReference; fileEncoding = 4; lastKnownFileType = sourcecode.c.objc; path = LBR_BookcaseCollectionViewController.m; sourceTree = "<group>"; };
		381FC2B91BD15D45003A3C52 /* LBR_BookcaseModel.h */ = {isa = PBXFileReference; fileEncoding = 4; lastKnownFileType = sourcecode.c.h; path = LBR_BookcaseModel.h; sourceTree = "<group>"; };
		381FC2BA1BD15D45003A3C52 /* LBR_BookcaseModel.m */ = {isa = PBXFileReference; fileEncoding = 4; lastKnownFileType = sourcecode.c.objc; path = LBR_BookcaseModel.m; sourceTree = "<group>"; };
		382A83B81BB3BA94008860CF /* LBRRecommendationsCollectionViewController.h */ = {isa = PBXFileReference; fileEncoding = 4; lastKnownFileType = sourcecode.c.h; path = LBRRecommendationsCollectionViewController.h; sourceTree = "<group>"; };
		382A83B91BB3BA94008860CF /* LBRRecommendationsCollectionViewController.m */ = {isa = PBXFileReference; fileEncoding = 4; lastKnownFileType = sourcecode.c.objc; path = LBRRecommendationsCollectionViewController.m; sourceTree = "<group>"; };
		382A83BB1BB3D6E1008860CF /* PresentDetailTransition.h */ = {isa = PBXFileReference; fileEncoding = 4; lastKnownFileType = sourcecode.c.h; path = PresentDetailTransition.h; sourceTree = "<group>"; };
		382A83BC1BB3D6E1008860CF /* PresentDetailTransition.m */ = {isa = PBXFileReference; fileEncoding = 4; lastKnownFileType = sourcecode.c.objc; path = PresentDetailTransition.m; sourceTree = "<group>"; };
		382A83BF1BB3D926008860CF /* DismissDetailTransition.h */ = {isa = PBXFileReference; fileEncoding = 4; lastKnownFileType = sourcecode.c.h; path = DismissDetailTransition.h; sourceTree = "<group>"; };
		382A83C01BB3D926008860CF /* DismissDetailTransition.m */ = {isa = PBXFileReference; fileEncoding = 4; lastKnownFileType = sourcecode.c.objc; path = DismissDetailTransition.m; sourceTree = "<group>"; };
		382A83EB1BB4AF98008860CF /* LBRBatchScanScrollView.h */ = {isa = PBXFileReference; fileEncoding = 4; lastKnownFileType = sourcecode.c.h; path = LBRBatchScanScrollView.h; sourceTree = "<group>"; };
		382A83EC1BB4AF98008860CF /* LBRBatchScanScrollView.m */ = {isa = PBXFileReference; fileEncoding = 4; lastKnownFileType = sourcecode.c.objc; path = LBRBatchScanScrollView.m; sourceTree = "<group>"; };
		382CE7FB1B9E09ED000A9701 /* Librarius-Prefix.pch */ = {isa = PBXFileReference; lastKnownFileType = sourcecode.c.h; path = "Librarius-Prefix.pch"; sourceTree = "<group>"; };
		3837F2BB1BE2F1B200170FF6 /* CoverArt.h */ = {isa = PBXFileReference; fileEncoding = 4; lastKnownFileType = sourcecode.c.h; path = CoverArt.h; sourceTree = "<group>"; };
		3837F2BC1BE2F1B200170FF6 /* CoverArt.m */ = {isa = PBXFileReference; fileEncoding = 4; lastKnownFileType = sourcecode.c.objc; path = CoverArt.m; sourceTree = "<group>"; };
		3837F2C81BE2F33A00170FF6 /* Volume.h */ = {isa = PBXFileReference; fileEncoding = 4; lastKnownFileType = sourcecode.c.h; path = Volume.h; sourceTree = "<group>"; };
		3837F2C91BE2F33A00170FF6 /* Volume.m */ = {isa = PBXFileReference; fileEncoding = 4; lastKnownFileType = sourcecode.c.objc; path = Volume.m; sourceTree = "<group>"; };
		3837F2CA1BE2F33A00170FF6 /* Library.h */ = {isa = PBXFileReference; fileEncoding = 4; lastKnownFileType = sourcecode.c.h; path = Library.h; sourceTree = "<group>"; };
		3837F2CB1BE2F33A00170FF6 /* Library.m */ = {isa = PBXFileReference; fileEncoding = 4; lastKnownFileType = sourcecode.c.objc; path = Library.m; sourceTree = "<group>"; };
		3837F2CC1BE2F33A00170FF6 /* Bookcase.h */ = {isa = PBXFileReference; fileEncoding = 4; lastKnownFileType = sourcecode.c.h; path = Bookcase.h; sourceTree = "<group>"; };
		3837F2CD1BE2F33A00170FF6 /* Bookcase.m */ = {isa = PBXFileReference; fileEncoding = 4; lastKnownFileType = sourcecode.c.objc; path = Bookcase.m; sourceTree = "<group>"; };
		383A2F941BEEE42A006D115F /* LBR_PopoverBackgroundView.h */ = {isa = PBXFileReference; fileEncoding = 4; lastKnownFileType = sourcecode.c.h; path = LBR_PopoverBackgroundView.h; sourceTree = "<group>"; };
		383A2F951BEEE42A006D115F /* LBR_PopoverBackgroundView.m */ = {isa = PBXFileReference; fileEncoding = 4; lastKnownFileType = sourcecode.c.objc; path = LBR_PopoverBackgroundView.m; sourceTree = "<group>"; };
		383E18DA1BF256BE0002F9DE /* Bookcase+CoreDataProperties.h */ = {isa = PBXFileReference; fileEncoding = 4; lastKnownFileType = sourcecode.c.h; path = "Bookcase+CoreDataProperties.h"; sourceTree = "<group>"; };
		383E18DB1BF256BE0002F9DE /* Bookcase+CoreDataProperties.m */ = {isa = PBXFileReference; fileEncoding = 4; lastKnownFileType = sourcecode.c.objc; path = "Bookcase+CoreDataProperties.m"; sourceTree = "<group>"; };
		383E18DC1BF256BE0002F9DE /* CoverArt+CoreDataProperties.h */ = {isa = PBXFileReference; fileEncoding = 4; lastKnownFileType = sourcecode.c.h; path = "CoverArt+CoreDataProperties.h"; sourceTree = "<group>"; };
		383E18DD1BF256BE0002F9DE /* CoverArt+CoreDataProperties.m */ = {isa = PBXFileReference; fileEncoding = 4; lastKnownFileType = sourcecode.c.objc; path = "CoverArt+CoreDataProperties.m"; sourceTree = "<group>"; };
		383E18DE1BF256BE0002F9DE /* Volume+CoreDataProperties.h */ = {isa = PBXFileReference; fileEncoding = 4; lastKnownFileType = sourcecode.c.h; path = "Volume+CoreDataProperties.h"; sourceTree = "<group>"; };
		383E18DF1BF256BE0002F9DE /* Volume+CoreDataProperties.m */ = {isa = PBXFileReference; fileEncoding = 4; lastKnownFileType = sourcecode.c.objc; path = "Volume+CoreDataProperties.m"; sourceTree = "<group>"; };
		383E18E01BF256BE0002F9DE /* Library+CoreDataProperties.h */ = {isa = PBXFileReference; fileEncoding = 4; lastKnownFileType = sourcecode.c.h; path = "Library+CoreDataProperties.h"; sourceTree = "<group>"; };
		383E18E11BF256BE0002F9DE /* Library+CoreDataProperties.m */ = {isa = PBXFileReference; fileEncoding = 4; lastKnownFileType = sourcecode.c.objc; path = "Library+CoreDataProperties.m"; sourceTree = "<group>"; };
		38466D261B94F24400DD252E /* LBRGoogleGTLClient.h */ = {isa = PBXFileReference; fileEncoding = 4; lastKnownFileType = sourcecode.c.h; path = LBRGoogleGTLClient.h; sourceTree = "<group>"; };
		38466D271B94F24400DD252E /* LBRGoogleGTLClient.m */ = {isa = PBXFileReference; fileEncoding = 4; lastKnownFileType = sourcecode.c.objc; path = LBRGoogleGTLClient.m; sourceTree = "<group>"; };
		384E0CBE1B97D24B007E7290 /* NSString+dateValue.h */ = {isa = PBXFileReference; fileEncoding = 4; lastKnownFileType = sourcecode.c.h; path = "NSString+dateValue.h"; sourceTree = "<group>"; };
		384E0CBF1B97D24B007E7290 /* NSString+dateValue.m */ = {isa = PBXFileReference; fileEncoding = 4; lastKnownFileType = sourcecode.c.objc; path = "NSString+dateValue.m"; sourceTree = "<group>"; };
		3851DBFB1B8E2E5A00E90B9F /* LBRDataManager.h */ = {isa = PBXFileReference; fileEncoding = 4; lastKnownFileType = sourcecode.c.h; path = LBRDataManager.h; sourceTree = "<group>"; };
		3851DBFC1B8E2E5A00E90B9F /* LBRDataManager.m */ = {isa = PBXFileReference; fileEncoding = 4; lastKnownFileType = sourcecode.c.objc; path = LBRDataManager.m; sourceTree = "<group>"; };
		3855E26D1BB0DBD4004C5D11 /* LBRAlertContent_TableViewCell.h */ = {isa = PBXFileReference; fileEncoding = 4; lastKnownFileType = sourcecode.c.h; path = LBRAlertContent_TableViewCell.h; sourceTree = "<group>"; };
		3855E26E1BB0DBD4004C5D11 /* LBRAlertContent_TableViewCell.m */ = {isa = PBXFileReference; fileEncoding = 4; lastKnownFileType = sourcecode.c.objc; path = LBRAlertContent_TableViewCell.m; sourceTree = "<group>"; };
		3855E2701BB10AA5004C5D11 /* UIView+ConfigureForAutoLayout.h */ = {isa = PBXFileReference; fileEncoding = 4; lastKnownFileType = sourcecode.c.h; path = "UIView+ConfigureForAutoLayout.h"; sourceTree = "<group>"; };
		3855E2711BB10AA5004C5D11 /* UIView+ConfigureForAutoLayout.m */ = {isa = PBXFileReference; fileEncoding = 4; lastKnownFileType = sourcecode.c.objc; path = "UIView+ConfigureForAutoLayout.m"; sourceTree = "<group>"; };
		38565D6E1B9A20B800349498 /* LBRParsedVolume.h */ = {isa = PBXFileReference; fileEncoding = 4; lastKnownFileType = sourcecode.c.h; path = LBRParsedVolume.h; sourceTree = "<group>"; };
		38565D6F1B9A20B800349498 /* LBRParsedVolume.m */ = {isa = PBXFileReference; fileEncoding = 4; lastKnownFileType = sourcecode.c.objc; path = LBRParsedVolume.m; sourceTree = "<group>"; };
		386B7D0D1BF154AD004A1DF8 /* LBR_LibraryConstruction_TableViewController.h */ = {isa = PBXFileReference; fileEncoding = 4; lastKnownFileType = sourcecode.c.h; path = LBR_LibraryConstruction_TableViewController.h; sourceTree = "<group>"; };
		386B7D0E1BF154AD004A1DF8 /* LBR_LibraryConstruction_TableViewController.m */ = {isa = PBXFileReference; fileEncoding = 4; lastKnownFileType = sourcecode.c.objc; path = LBR_LibraryConstruction_TableViewController.m; sourceTree = "<group>"; };
		386B7D141BF15BC2004A1DF8 /* LBR_LibrarySelection_TableViewCell.h */ = {isa = PBXFileReference; fileEncoding = 4; lastKnownFileType = sourcecode.c.h; path = LBR_LibrarySelection_TableViewCell.h; sourceTree = "<group>"; };
		386B7D151BF15BC2004A1DF8 /* LBR_LibrarySelection_TableViewCell.m */ = {isa = PBXFileReference; fileEncoding = 4; lastKnownFileType = sourcecode.c.objc; path = LBR_LibrarySelection_TableViewCell.m; sourceTree = "<group>"; };
		386C23731BD934520065B46F /* LBRRecommendations_CollectionViewHeader.h */ = {isa = PBXFileReference; fileEncoding = 4; lastKnownFileType = sourcecode.c.h; path = LBRRecommendations_CollectionViewHeader.h; sourceTree = "<group>"; };
		386C23741BD934520065B46F /* LBRRecommendations_CollectionViewHeader.m */ = {isa = PBXFileReference; fileEncoding = 4; lastKnownFileType = sourcecode.c.objc; path = LBRRecommendations_CollectionViewHeader.m; sourceTree = "<group>"; };
		386C23761BD968920065B46F /* LBRRecommendedBook_CollectionViewCell.h */ = {isa = PBXFileReference; fileEncoding = 4; lastKnownFileType = sourcecode.c.h; path = LBRRecommendedBook_CollectionViewCell.h; sourceTree = "<group>"; };
		386C23771BD968920065B46F /* LBRRecommendedBook_CollectionViewCell.m */ = {isa = PBXFileReference; fileEncoding = 4; lastKnownFileType = sourcecode.c.objc; path = LBRRecommendedBook_CollectionViewCell.m; sourceTree = "<group>"; };
		387039B71B9D23C900381007 /* SelectionView.xib */ = {isa = PBXFileReference; fileEncoding = 4; lastKnownFileType = file.xib; path = SelectionView.xib; sourceTree = "<group>"; };
		3882667E1BDEC70F004B757F /* LBR_EmptyFlowLayout.h */ = {isa = PBXFileReference; fileEncoding = 4; lastKnownFileType = sourcecode.c.h; path = LBR_EmptyFlowLayout.h; sourceTree = "<group>"; };
		3882667F1BDEC70F004B757F /* LBR_EmptyFlowLayout.m */ = {isa = PBXFileReference; fileEncoding = 4; lastKnownFileType = sourcecode.c.objc; path = LBR_EmptyFlowLayout.m; sourceTree = "<group>"; };
		388DBDF11BA9174A005C5125 /* THNavigationController.h */ = {isa = PBXFileReference; fileEncoding = 4; lastKnownFileType = sourcecode.c.h; path = THNavigationController.h; sourceTree = "<group>"; };
		388DBDF21BA9174A005C5125 /* THNavigationController.m */ = {isa = PBXFileReference; fileEncoding = 4; lastKnownFileType = sourcecode.c.objc; path = THNavigationController.m; sourceTree = "<group>"; };
		388DBE2E1BAA0F60005C5125 /* LBRCustomLayout.h */ = {isa = PBXFileReference; fileEncoding = 4; lastKnownFileType = sourcecode.c.h; path = LBRCustomLayout.h; sourceTree = "<group>"; };
		388DBE2F1BAA0F60005C5125 /* LBRCustomLayout.m */ = {isa = PBXFileReference; fileEncoding = 4; lastKnownFileType = sourcecode.c.objc; path = LBRCustomLayout.m; sourceTree = "<group>"; };
		388DBE311BAA54C8005C5125 /* UIImage+imageScaledToHeight.h */ = {isa = PBXFileReference; fileEncoding = 4; lastKnownFileType = sourcecode.c.h; path = "UIImage+imageScaledToHeight.h"; sourceTree = "<group>"; };
		388DBE321BAA54C8005C5125 /* UIImage+imageScaledToHeight.m */ = {isa = PBXFileReference; fileEncoding = 4; lastKnownFileType = sourcecode.c.objc; path = "UIImage+imageScaledToHeight.m"; sourceTree = "<group>"; };
		38A329051BE3F24F0060E9D5 /* Reachability.h */ = {isa = PBXFileReference; fileEncoding = 4; lastKnownFileType = sourcecode.c.h; path = Reachability.h; sourceTree = "<group>"; };
		38A329061BE3F24F0060E9D5 /* Reachability.m */ = {isa = PBXFileReference; fileEncoding = 4; lastKnownFileType = sourcecode.c.objc; path = Reachability.m; sourceTree = "<group>"; };
		38A965261BF273FC009F1B5D /* Librarius 3.xcdatamodel */ = {isa = PBXFileReference; lastKnownFileType = wrapper.xcdatamodel; path = "Librarius 3.xcdatamodel"; sourceTree = "<group>"; };
		38AAD6EF1B901175003062C1 /* Librarius.xcdatamodel */ = {isa = PBXFileReference; lastKnownFileType = wrapper.xcdatamodel; path = Librarius.xcdatamodel; sourceTree = "<group>"; };
		38AAD7241B90A1AC003062C1 /* Librarius.entitlements */ = {isa = PBXFileReference; lastKnownFileType = text.xml; path = Librarius.entitlements; sourceTree = "<group>"; };
		38BE31E11B961F7000C46001 /* volumePresentationView.xib */ = {isa = PBXFileReference; fileEncoding = 4; lastKnownFileType = file.xib; path = volumePresentationView.xib; sourceTree = "<group>"; };
		38CD5FD01B9DE78400963D2F /* VolumeDetailsCell.xib */ = {isa = PBXFileReference; fileEncoding = 4; lastKnownFileType = file.xib; path = VolumeDetailsCell.xib; sourceTree = "<group>"; };
		38CF74301BAF51AF0070134E /* FlatUI+Categories.h */ = {isa = PBXFileReference; fileEncoding = 4; lastKnownFileType = sourcecode.c.h; path = "FlatUI+Categories.h"; sourceTree = "<group>"; };
		38D601971BDA95B100E3D60F /* iAd.framework */ = {isa = PBXFileReference; lastKnownFileType = wrapper.framework; name = iAd.framework; path = System/Library/Frameworks/iAd.framework; sourceTree = SDKROOT; };
		38D601991BDAAAC900E3D60F /* LBRShelf_DecorationView.h */ = {isa = PBXFileReference; fileEncoding = 4; lastKnownFileType = sourcecode.c.h; path = LBRShelf_DecorationView.h; sourceTree = "<group>"; };
		38D6019A1BDAAAC900E3D60F /* LBRShelf_DecorationView.m */ = {isa = PBXFileReference; fileEncoding = 4; lastKnownFileType = sourcecode.c.objc; path = LBRShelf_DecorationView.m; sourceTree = "<group>"; };
		38D6019C1BDAAEDE00E3D60F /* LBRRecommendations_FlowLayout.h */ = {isa = PBXFileReference; fileEncoding = 4; lastKnownFileType = sourcecode.c.h; path = LBRRecommendations_FlowLayout.h; sourceTree = "<group>"; };
		38D6019D1BDAAEDE00E3D60F /* LBRRecommendations_FlowLayout.m */ = {isa = PBXFileReference; fileEncoding = 4; lastKnownFileType = sourcecode.c.objc; path = LBRRecommendations_FlowLayout.m; sourceTree = "<group>"; };
		38D601A01BDABE1E00E3D60F /* TODO-FIXME-list.md */ = {isa = PBXFileReference; fileEncoding = 4; lastKnownFileType = net.daringfireball.markdown; path = "TODO-FIXME-list.md"; sourceTree = "<group>"; };
		38DA43CF1BE66F2B00FEFD16 /* README.md */ = {isa = PBXFileReference; fileEncoding = 4; lastKnownFileType = net.daringfireball.markdown; path = README.md; sourceTree = "<group>"; };
		38DA43D11BE66FD200FEFD16 /* LBR_BookcaseLayout_AuthorOnly.h */ = {isa = PBXFileReference; fileEncoding = 4; lastKnownFileType = sourcecode.c.h; path = LBR_BookcaseLayout_AuthorOnly.h; sourceTree = "<group>"; };
		38DA43D21BE66FD200FEFD16 /* LBR_BookcaseLayout_AuthorOnly.m */ = {isa = PBXFileReference; fileEncoding = 4; lastKnownFileType = sourcecode.c.objc; path = LBR_BookcaseLayout_AuthorOnly.m; sourceTree = "<group>"; };
		38DA43D91BE7056900FEFD16 /* LBRSettingsCell.h */ = {isa = PBXFileReference; fileEncoding = 4; lastKnownFileType = sourcecode.c.h; path = LBRSettingsCell.h; sourceTree = "<group>"; };
		38DA43DA1BE7056900FEFD16 /* LBRSettingsCell.m */ = {isa = PBXFileReference; fileEncoding = 4; lastKnownFileType = sourcecode.c.objc; path = LBRSettingsCell.m; sourceTree = "<group>"; };
		38DA43DC1BE705EF00FEFD16 /* LBRSettingsCell.xib */ = {isa = PBXFileReference; fileEncoding = 4; lastKnownFileType = file.xib; path = LBRSettingsCell.xib; sourceTree = "<group>"; };
		38DF00381BE7F9C800D4BCE3 /* LBRAcknowledgements_ViewController.h */ = {isa = PBXFileReference; fileEncoding = 4; lastKnownFileType = sourcecode.c.h; path = LBRAcknowledgements_ViewController.h; sourceTree = "<group>"; };
		38DF00391BE7F9C800D4BCE3 /* LBRAcknowledgements_ViewController.m */ = {isa = PBXFileReference; fileEncoding = 4; lastKnownFileType = sourcecode.c.objc; path = LBRAcknowledgements_ViewController.m; sourceTree = "<group>"; };
		38DF003B1BE7FFE900D4BCE3 /* NSString+ArrayWriter.h */ = {isa = PBXFileReference; fileEncoding = 4; lastKnownFileType = sourcecode.c.h; path = "NSString+ArrayWriter.h"; sourceTree = "<group>"; };
		38DF003C1BE7FFE900D4BCE3 /* NSString+ArrayWriter.m */ = {isa = PBXFileReference; fileEncoding = 4; lastKnownFileType = sourcecode.c.objc; path = "NSString+ArrayWriter.m"; sourceTree = "<group>"; };
		38E2497D1BE2AEEC0047EBF7 /* ABB_BufferToolbar.h */ = {isa = PBXFileReference; fileEncoding = 4; lastKnownFileType = sourcecode.c.h; path = ABB_BufferToolbar.h; sourceTree = "<group>"; };
		38E2497E1BE2AEEC0047EBF7 /* ABB_BufferToolbar.m */ = {isa = PBXFileReference; fileEncoding = 4; lastKnownFileType = sourcecode.c.objc; path = ABB_BufferToolbar.m; sourceTree = "<group>"; };
		38E71DAD1BA337BB00DE1C61 /* LBRShelvedBook_CollectionViewCell.h */ = {isa = PBXFileReference; fileEncoding = 4; lastKnownFileType = sourcecode.c.h; path = LBRShelvedBook_CollectionViewCell.h; sourceTree = "<group>"; };
		38E71DAE1BA337BB00DE1C61 /* LBRShelvedBook_CollectionViewCell.m */ = {isa = PBXFileReference; fileEncoding = 4; lastKnownFileType = sourcecode.c.objc; path = LBRShelvedBook_CollectionViewCell.m; sourceTree = "<group>"; };
		38F3C0D71BDFE01F005AF2ED /* LBR_ResultsTableViewController.h */ = {isa = PBXFileReference; fileEncoding = 4; lastKnownFileType = sourcecode.c.h; path = LBR_ResultsTableViewController.h; sourceTree = "<group>"; };
		38F3C0D81BDFE01F005AF2ED /* LBR_ResultsTableViewController.m */ = {isa = PBXFileReference; fileEncoding = 4; lastKnownFileType = sourcecode.c.objc; path = LBR_ResultsTableViewController.m; sourceTree = "<group>"; };
		38F57B9D1BB0707200CC2EE8 /* UIToolbar+FlatUI.m */ = {isa = PBXFileReference; fileEncoding = 4; lastKnownFileType = sourcecode.c.objc; path = "UIToolbar+FlatUI.m"; sourceTree = "<group>"; };
		38F57B9E1BB0707200CC2EE8 /* UIToolbar+FlatUI.h */ = {isa = PBXFileReference; fileEncoding = 4; lastKnownFileType = sourcecode.c.h; path = "UIToolbar+FlatUI.h"; sourceTree = "<group>"; };
		38F57BA11BB0707200CC2EE8 /* UITabBar+FlatUI.m */ = {isa = PBXFileReference; fileEncoding = 4; lastKnownFileType = sourcecode.c.objc; path = "UITabBar+FlatUI.m"; sourceTree = "<group>"; };
		38F57BA21BB0707200CC2EE8 /* UITabBar+FlatUI.h */ = {isa = PBXFileReference; fileEncoding = 4; lastKnownFileType = sourcecode.c.h; path = "UITabBar+FlatUI.h"; sourceTree = "<group>"; };
		38F57BA31BB0707200CC2EE8 /* UIStepper+FlatUI.m */ = {isa = PBXFileReference; fileEncoding = 4; lastKnownFileType = sourcecode.c.objc; path = "UIStepper+FlatUI.m"; sourceTree = "<group>"; };
		38F57BA41BB0707200CC2EE8 /* UIStepper+FlatUI.h */ = {isa = PBXFileReference; fileEncoding = 4; lastKnownFileType = sourcecode.c.h; path = "UIStepper+FlatUI.h"; sourceTree = "<group>"; };
		38F57BA51BB0707200CC2EE8 /* UISlider+FlatUI.m */ = {isa = PBXFileReference; fileEncoding = 4; lastKnownFileType = sourcecode.c.objc; path = "UISlider+FlatUI.m"; sourceTree = "<group>"; };
		38F57BA61BB0707200CC2EE8 /* UISlider+FlatUI.h */ = {isa = PBXFileReference; fileEncoding = 4; lastKnownFileType = sourcecode.c.h; path = "UISlider+FlatUI.h"; sourceTree = "<group>"; };
		38F57BA71BB0707200CC2EE8 /* UIProgressView+FlatUI.m */ = {isa = PBXFileReference; fileEncoding = 4; lastKnownFileType = sourcecode.c.objc; path = "UIProgressView+FlatUI.m"; sourceTree = "<group>"; };
		38F57BA81BB0707200CC2EE8 /* UIProgressView+FlatUI.h */ = {isa = PBXFileReference; fileEncoding = 4; lastKnownFileType = sourcecode.c.h; path = "UIProgressView+FlatUI.h"; sourceTree = "<group>"; };
		38F57BAB1BB0707200CC2EE8 /* UINavigationBar+FlatUI.m */ = {isa = PBXFileReference; fileEncoding = 4; lastKnownFileType = sourcecode.c.objc; path = "UINavigationBar+FlatUI.m"; sourceTree = "<group>"; };
		38F57BAC1BB0707200CC2EE8 /* UINavigationBar+FlatUI.h */ = {isa = PBXFileReference; fileEncoding = 4; lastKnownFileType = sourcecode.c.h; path = "UINavigationBar+FlatUI.h"; sourceTree = "<group>"; };
		38F57BAD1BB0707200CC2EE8 /* UIImage+FlatUI.m */ = {isa = PBXFileReference; fileEncoding = 4; lastKnownFileType = sourcecode.c.objc; path = "UIImage+FlatUI.m"; sourceTree = "<group>"; };
		38F57BAE1BB0707200CC2EE8 /* UIImage+FlatUI.h */ = {isa = PBXFileReference; fileEncoding = 4; lastKnownFileType = sourcecode.c.h; path = "UIImage+FlatUI.h"; sourceTree = "<group>"; };
		38F57BAF1BB0707200CC2EE8 /* UIFont+FlatUI.m */ = {isa = PBXFileReference; fileEncoding = 4; lastKnownFileType = sourcecode.c.objc; path = "UIFont+FlatUI.m"; sourceTree = "<group>"; };
		38F57BB01BB0707200CC2EE8 /* UIFont+FlatUI.h */ = {isa = PBXFileReference; fileEncoding = 4; lastKnownFileType = sourcecode.c.h; path = "UIFont+FlatUI.h"; sourceTree = "<group>"; };
		38F57BB11BB0707200CC2EE8 /* UIColor+FlatUI.m */ = {isa = PBXFileReference; fileEncoding = 4; lastKnownFileType = sourcecode.c.objc; path = "UIColor+FlatUI.m"; sourceTree = "<group>"; };
		38F57BB21BB0707200CC2EE8 /* UIColor+FlatUI.h */ = {isa = PBXFileReference; fileEncoding = 4; lastKnownFileType = sourcecode.c.h; path = "UIColor+FlatUI.h"; sourceTree = "<group>"; };
		38F57BB31BB0707200CC2EE8 /* UIBarButtonItem+FlatUI.m */ = {isa = PBXFileReference; fileEncoding = 4; lastKnownFileType = sourcecode.c.objc; path = "UIBarButtonItem+FlatUI.m"; sourceTree = "<group>"; };
		38F57BB41BB0707200CC2EE8 /* UIBarButtonItem+FlatUI.h */ = {isa = PBXFileReference; fileEncoding = 4; lastKnownFileType = sourcecode.c.h; path = "UIBarButtonItem+FlatUI.h"; sourceTree = "<group>"; };
		38F57BB51BB0707200CC2EE8 /* NSString+Icons.m */ = {isa = PBXFileReference; fileEncoding = 4; lastKnownFileType = sourcecode.c.objc; path = "NSString+Icons.m"; sourceTree = "<group>"; };
		38F57BB61BB0707200CC2EE8 /* NSString+Icons.h */ = {isa = PBXFileReference; fileEncoding = 4; lastKnownFileType = sourcecode.c.h; path = "NSString+Icons.h"; sourceTree = "<group>"; };
		38F57BCE1BB0740300CC2EE8 /* Lato-Regular.ttf */ = {isa = PBXFileReference; lastKnownFileType = file; name = "Lato-Regular.ttf"; path = "../../../../libraries/FlatUIKit/Resources/Lato-Regular.ttf"; sourceTree = "<group>"; };
		38F57BCF1BB0740300CC2EE8 /* Lato-Light.ttf */ = {isa = PBXFileReference; lastKnownFileType = file; name = "Lato-Light.ttf"; path = "../../../../libraries/FlatUIKit/Resources/Lato-Light.ttf"; sourceTree = "<group>"; };
		38F57BD01BB0740300CC2EE8 /* Lato-Italic.ttf */ = {isa = PBXFileReference; lastKnownFileType = file; name = "Lato-Italic.ttf"; path = "../../../../libraries/FlatUIKit/Resources/Lato-Italic.ttf"; sourceTree = "<group>"; };
		38F57BD11BB0740300CC2EE8 /* Lato-Bold.ttf */ = {isa = PBXFileReference; lastKnownFileType = file; name = "Lato-Bold.ttf"; path = "../../../../libraries/FlatUIKit/Resources/Lato-Bold.ttf"; sourceTree = "<group>"; };
		38F57BD21BB0740300CC2EE8 /* flat-ui-icons-regular.ttf */ = {isa = PBXFileReference; lastKnownFileType = file; name = "flat-ui-icons-regular.ttf"; path = "../../../../libraries/FlatUIKit/Resources/flat-ui-icons-regular.ttf"; sourceTree = "<group>"; };
		38FABE861BD49AE4009479E9 /* UIColor+ABBColors.h */ = {isa = PBXFileReference; fileEncoding = 4; lastKnownFileType = sourcecode.c.h; name = "UIColor+ABBColors.h"; path = "../UIColor+ABBColors.h"; sourceTree = "<group>"; };
		38FABE871BD49AE4009479E9 /* UIColor+ABBColors.m */ = {isa = PBXFileReference; fileEncoding = 4; lastKnownFileType = sourcecode.c.objc; name = "UIColor+ABBColors.m"; path = "../UIColor+ABBColors.m"; sourceTree = "<group>"; };
		8D3D33401D5A34E1C9A90BE0 /* Pods-Librarius.debug.xcconfig */ = {isa = PBXFileReference; includeInIndex = 1; lastKnownFileType = text.xcconfig; name = "Pods-Librarius.debug.xcconfig"; path = "Pods/Target Support Files/Pods-Librarius/Pods-Librarius.debug.xcconfig"; sourceTree = "<group>"; };
		9B10AB83782954202B2FDC18 /* Pods-Librarius.release.xcconfig */ = {isa = PBXFileReference; includeInIndex = 1; lastKnownFileType = text.xcconfig; name = "Pods-Librarius.release.xcconfig"; path = "Pods/Target Support Files/Pods-Librarius/Pods-Librarius.release.xcconfig"; sourceTree = "<group>"; };
		EBADCB9C83FA635A577697F9 /* libPods-Librarius.a */ = {isa = PBXFileReference; explicitFileType = archive.ar; includeInIndex = 0; path = "libPods-Librarius.a"; sourceTree = BUILT_PRODUCTS_DIR; };
/* End PBXFileReference section */

/* Begin PBXFrameworksBuildPhase section */
		380375291B8AC9A8004C4ECE /* Frameworks */ = {
			isa = PBXFrameworksBuildPhase;
			buildActionMask = 2147483647;
			files = (
				38D601981BDA95B100E3D60F /* iAd.framework in Frameworks */,
				2E6DA4DCEDA6FC0E68557D16 /* libPods-Librarius.a in Frameworks */,
			);
			runOnlyForDeploymentPostprocessing = 0;
		};
		380375451B8AC9A8004C4ECE /* Frameworks */ = {
			isa = PBXFrameworksBuildPhase;
			buildActionMask = 2147483647;
			files = (
			);
			runOnlyForDeploymentPostprocessing = 0;
		};
/* End PBXFrameworksBuildPhase section */

/* Begin PBXGroup section */
		18BA9039F4B2E8A6601BFB26 /* Pods */ = {
			isa = PBXGroup;
			children = (
				8D3D33401D5A34E1C9A90BE0 /* Pods-Librarius.debug.xcconfig */,
				9B10AB83782954202B2FDC18 /* Pods-Librarius.release.xcconfig */,
			);
			name = Pods;
			sourceTree = "<group>";
		};
		380375231B8AC9A8004C4ECE = {
			isa = PBXGroup;
			children = (
				38D601A01BDABE1E00E3D60F /* TODO-FIXME-list.md */,
				38DA43CF1BE66F2B00FEFD16 /* README.md */,
				3803752E1B8AC9A8004C4ECE /* Librarius */,
				3803754B1B8AC9A8004C4ECE /* LibrariusTests */,
				3803752D1B8AC9A8004C4ECE /* Products */,
				18BA9039F4B2E8A6601BFB26 /* Pods */,
				8D3D60166B48602A9D5DE1B9 /* Frameworks */,
			);
			sourceTree = "<group>";
		};
		3803752D1B8AC9A8004C4ECE /* Products */ = {
			isa = PBXGroup;
			children = (
				3803752C1B8AC9A8004C4ECE /* Librarius.app */,
				380375481B8AC9A8004C4ECE /* LibrariusTests.xctest */,
			);
			name = Products;
			sourceTree = "<group>";
		};
		3803752E1B8AC9A8004C4ECE /* Librarius */ = {
			isa = PBXGroup;
			children = (
				38AAD7241B90A1AC003062C1 /* Librarius.entitlements */,
				380375331B8AC9A8004C4ECE /* AppDelegate.h */,
				380375341B8AC9A8004C4ECE /* AppDelegate.m */,
				3803753C1B8AC9A8004C4ECE /* Main.storyboard */,
				3803755F1B8BB6C3004C4ECE /* Data */,
				380375641B8BB71D004C4ECE /* Controllers */,
				38D6019F1BDAAEE400E3D60F /* Layouts */,
				380375631B8BB711004C4ECE /* Views/Images/nibs */,
				380375581B8B9F11004C4ECE /* Models */,
				3803752F1B8AC9A8004C4ECE /* Supporting Files */,
				38466D5B1B94FDD400DD252E /* Not Yet Implemented */,
				38466D5C1B94FDDF00DD252E /* Cutting Floor */,
			);
			path = Librarius;
			sourceTree = "<group>";
		};
		3803752F1B8AC9A8004C4ECE /* Supporting Files */ = {
			isa = PBXGroup;
			children = (
				38A329041BE3F22A0060E9D5 /* Network */,
				38DC81C91BCB3E66002A3B80 /* Constants */,
				382A83BE1BB3D6EB008860CF /* Transitions/Animations */,
				384E0CBD1B97D231007E7290 /* Categories */,
				388DBDF11BA9174A005C5125 /* THNavigationController.h */,
				388DBDF21BA9174A005C5125 /* THNavigationController.m */,
				38DC81C81BCB3E57002A3B80 /* NSBoilerPlate */,
			);
			name = "Supporting Files";
			sourceTree = "<group>";
		};
		3803754B1B8AC9A8004C4ECE /* LibrariusTests */ = {
			isa = PBXGroup;
			children = (
				3803754E1B8AC9A8004C4ECE /* LibrariusTests.m */,
				3803754C1B8AC9A8004C4ECE /* Supporting Files */,
			);
			path = LibrariusTests;
			sourceTree = "<group>";
		};
		3803754C1B8AC9A8004C4ECE /* Supporting Files */ = {
			isa = PBXGroup;
			children = (
				3803754D1B8AC9A8004C4ECE /* Info.plist */,
			);
			name = "Supporting Files";
			sourceTree = "<group>";
		};
		380375581B8B9F11004C4ECE /* Models */ = {
			isa = PBXGroup;
			children = (
				383E18DA1BF256BE0002F9DE /* Bookcase+CoreDataProperties.h */,
				383E18DB1BF256BE0002F9DE /* Bookcase+CoreDataProperties.m */,
				383E18DC1BF256BE0002F9DE /* CoverArt+CoreDataProperties.h */,
				383E18DD1BF256BE0002F9DE /* CoverArt+CoreDataProperties.m */,
				383E18DE1BF256BE0002F9DE /* Volume+CoreDataProperties.h */,
				383E18DF1BF256BE0002F9DE /* Volume+CoreDataProperties.m */,
				383E18E01BF256BE0002F9DE /* Library+CoreDataProperties.h */,
				383E18E11BF256BE0002F9DE /* Library+CoreDataProperties.m */,
				3837F2C81BE2F33A00170FF6 /* Volume.h */,
				3837F2C91BE2F33A00170FF6 /* Volume.m */,
				3837F2CA1BE2F33A00170FF6 /* Library.h */,
				3837F2CB1BE2F33A00170FF6 /* Library.m */,
				3837F2CC1BE2F33A00170FF6 /* Bookcase.h */,
				3837F2CD1BE2F33A00170FF6 /* Bookcase.m */,
				3837F2BB1BE2F1B200170FF6 /* CoverArt.h */,
				3837F2BC1BE2F1B200170FF6 /* CoverArt.m */,
				38565D6E1B9A20B800349498 /* LBRParsedVolume.h */,
				38565D6F1B9A20B800349498 /* LBRParsedVolume.m */,
			);
			name = Models;
			sourceTree = "<group>";
		};
		3803755F1B8BB6C3004C4ECE /* Data */ = {
			isa = PBXGroup;
			children = (
				38466D261B94F24400DD252E /* LBRGoogleGTLClient.h */,
				38466D271B94F24400DD252E /* LBRGoogleGTLClient.m */,
				3851DBFB1B8E2E5A00E90B9F /* LBRDataManager.h */,
				3851DBFC1B8E2E5A00E90B9F /* LBRDataManager.m */,
				38AAD6EE1B901175003062C1 /* Librarius.xcdatamodeld */,
			);
			name = Data;
			sourceTree = "<group>";
		};
		380375631B8BB711004C4ECE /* Views/Images/nibs */ = {
			isa = PBXGroup;
			children = (
				38DA43D91BE7056900FEFD16 /* LBRSettingsCell.h */,
				38DA43DC1BE705EF00FEFD16 /* LBRSettingsCell.xib */,
				38DA43DA1BE7056900FEFD16 /* LBRSettingsCell.m */,
				38D601991BDAAAC900E3D60F /* LBRShelf_DecorationView.h */,
				38D6019A1BDAAAC900E3D60F /* LBRShelf_DecorationView.m */,
				386C23761BD968920065B46F /* LBRRecommendedBook_CollectionViewCell.h */,
				386C23771BD968920065B46F /* LBRRecommendedBook_CollectionViewCell.m */,
				386C23731BD934520065B46F /* LBRRecommendations_CollectionViewHeader.h */,
				386C23741BD934520065B46F /* LBRRecommendations_CollectionViewHeader.m */,
				3810DA0B1BD5E04C0093D5C2 /* ADVFlatUI (Tope) */,
				382A83EB1BB4AF98008860CF /* LBRBatchScanScrollView.h */,
				382A83EC1BB4AF98008860CF /* LBRBatchScanScrollView.m */,
				3855E26D1BB0DBD4004C5D11 /* LBRAlertContent_TableViewCell.h */,
				3855E26E1BB0DBD4004C5D11 /* LBRAlertContent_TableViewCell.m */,
				3803753F1B8AC9A8004C4ECE /* Images.xcassets */,
				380375411B8AC9A8004C4ECE /* LaunchScreen.xib */,
				38BE31E11B961F7000C46001 /* volumePresentationView.xib */,
				387039B71B9D23C900381007 /* SelectionView.xib */,
				38CD5FD01B9DE78400963D2F /* VolumeDetailsCell.xib */,
				3810DA201BD5E1420093D5C2 /* ADVFlatUI-Resources.xcassets */,
				38E2497D1BE2AEEC0047EBF7 /* ABB_BufferToolbar.h */,
				38E2497E1BE2AEEC0047EBF7 /* ABB_BufferToolbar.m */,
			);
			name = Views/Images/nibs;
			sourceTree = "<group>";
		};
		380375641B8BB71D004C4ECE /* Controllers */ = {
			isa = PBXGroup;
			children = (
				380375681B8BC89D004C4ECE /* LBRGoogleSignInViewController.h */,
				380375691B8BC89D004C4ECE /* LBRGoogleSignInViewController.m */,
				380375391B8AC9A8004C4ECE /* LBRBarcodeScannerViewController.h */,
				3803753A1B8AC9A8004C4ECE /* LBRBarcodeScannerViewController.m */,
				380375F31B8D4E90004C4ECE /* BookCollection_TableViewController.h */,
				380375F41B8D4E90004C4ECE /* BookCollection_TableViewController.m */,
				38F3C0D71BDFE01F005AF2ED /* LBR_ResultsTableViewController.h */,
				38F3C0D81BDFE01F005AF2ED /* LBR_ResultsTableViewController.m */,
				381EBC031BA0FF63000D2FA4 /* LBRShelves_CollectionViewController.h */,
				381EBC041BA0FF63000D2FA4 /* LBRShelves_CollectionViewController.m */,
				380375F51B8D4E90004C4ECE /* BookDetailViewController.h */,
				380375F61B8D4E90004C4ECE /* BookDetailViewController.m */,
				382A83B81BB3BA94008860CF /* LBRRecommendationsCollectionViewController.h */,
				382A83B91BB3BA94008860CF /* LBRRecommendationsCollectionViewController.m */,
				38DF00381BE7F9C800D4BCE3 /* LBRAcknowledgements_ViewController.h */,
				38DF00391BE7F9C800D4BCE3 /* LBRAcknowledgements_ViewController.m */,
				38103B5D1BD033EC009F22E3 /* Bookcase CollectionView Scene */,
				386B7D101BF15A73004A1DF8 /* Library Construction Scene */,
			);
			name = Controllers;
			sourceTree = "<group>";
		};
		38103B5D1BD033EC009F22E3 /* Bookcase CollectionView Scene */ = {
			isa = PBXGroup;
			children = (
				383A2F971BEEE58B006D115F /* Popover */,
				381FC2931BD13A09003A3C52 /* LBR_BookcaseCollectionViewController.h */,
				381FC2941BD13A09003A3C52 /* LBR_BookcaseCollectionViewController.m */,
				3882667E1BDEC70F004B757F /* LBR_EmptyFlowLayout.h */,
				3882667F1BDEC70F004B757F /* LBR_EmptyFlowLayout.m */,
				38103B5A1BD033E4009F22E3 /* LBR_BookcaseLayout.h */,
				38103B5B1BD033E4009F22E3 /* LBR_BookcaseLayout.m */,
				38DA43D11BE66FD200FEFD16 /* LBR_BookcaseLayout_AuthorOnly.h */,
				38DA43D21BE66FD200FEFD16 /* LBR_BookcaseLayout_AuthorOnly.m */,
				381FC2B91BD15D45003A3C52 /* LBR_BookcaseModel.h */,
				381FC2BA1BD15D45003A3C52 /* LBR_BookcaseModel.m */,
				38E71DAD1BA337BB00DE1C61 /* LBRShelvedBook_CollectionViewCell.h */,
				38E71DAE1BA337BB00DE1C61 /* LBRShelvedBook_CollectionViewCell.m */,
			);
			name = "Bookcase CollectionView Scene";
			sourceTree = "<group>";
		};
		3810DA0B1BD5E04C0093D5C2 /* ADVFlatUI (Tope) */ = {
			isa = PBXGroup;
			children = (
				3810DA121BD5E0A90093D5C2 /* SettingsCell1.h */,
				3810DA131BD5E0A90093D5C2 /* SettingsCell1.m */,
				3810DA0C1BD5E0980093D5C2 /* Utils.h */,
				3810DA0D1BD5E0980093D5C2 /* Utils.m */,
				3810DA0E1BD5E0980093D5C2 /* FlatTheme.h */,
				3810DA0F1BD5E0980093D5C2 /* FlatTheme.m */,
				3810DA1F1BD5E0F10093D5C2 /* MBProgressHUD */,
			);
			name = "ADVFlatUI (Tope)";
			sourceTree = "<group>";
		};
		3810DA1F1BD5E0F10093D5C2 /* MBProgressHUD */ = {
			isa = PBXGroup;
			children = (
				3810DA1C1BD5E0ED0093D5C2 /* MBProgressHUD.h */,
				3810DA1D1BD5E0ED0093D5C2 /* MBProgressHUD.m */,
			);
			name = MBProgressHUD;
			sourceTree = "<group>";
		};
		382A83BE1BB3D6EB008860CF /* Transitions/Animations */ = {
			isa = PBXGroup;
			children = (
				382A83BB1BB3D6E1008860CF /* PresentDetailTransition.h */,
				382A83BC1BB3D6E1008860CF /* PresentDetailTransition.m */,
				382A83BF1BB3D926008860CF /* DismissDetailTransition.h */,
				382A83C01BB3D926008860CF /* DismissDetailTransition.m */,
			);
			name = Transitions/Animations;
			sourceTree = "<group>";
		};
		383A2F971BEEE58B006D115F /* Popover */ = {
			isa = PBXGroup;
			children = (
				380DBB9A1BEC53FA003BE27D /* LBR_BookcasePopoverViewController.h */,
				380DBB9B1BEC53FA003BE27D /* LBR_BookcasePopoverViewController.m */,
				383A2F941BEEE42A006D115F /* LBR_PopoverBackgroundView.h */,
				383A2F951BEEE42A006D115F /* LBR_PopoverBackgroundView.m */,
			);
			name = Popover;
			sourceTree = "<group>";
		};
		38466D5B1B94FDD400DD252E /* Not Yet Implemented */ = {
			isa = PBXGroup;
			children = (
				38103B571BD033AE009F22E3 /* LBR_ShelvedBookCell.h */,
				38103B581BD033AE009F22E3 /* LBR_ShelvedBookCell.m */,
				388DBE2E1BAA0F60005C5125 /* LBRCustomLayout.h */,
				388DBE2F1BAA0F60005C5125 /* LBRCustomLayout.m */,
				380375601B8BB707004C4ECE /* LBRGoodReadsAPIClient.h */,
				380375611B8BB707004C4ECE /* LBRGoodReadsAPIClient.m */,
			);
			name = "Not Yet Implemented";
			sourceTree = "<group>";
		};
		38466D5C1B94FDDF00DD252E /* Cutting Floor */ = {
			isa = PBXGroup;
			children = (
			);
			name = "Cutting Floor";
			sourceTree = "<group>";
		};
		384E0CBD1B97D231007E7290 /* Categories */ = {
			isa = PBXGroup;
			children = (
				380DBB971BEC527A003BE27D /* UIView+ABB_Categories.h */,
				380DBB981BEC527A003BE27D /* UIView+ABB_Categories.m */,
				38DF003B1BE7FFE900D4BCE3 /* NSString+ArrayWriter.h */,
				38DF003C1BE7FFE900D4BCE3 /* NSString+ArrayWriter.m */,
				38CF73FD1BAF51130070134E /* FlatUIKit Categories */,
				38FABE861BD49AE4009479E9 /* UIColor+ABBColors.h */,
				38FABE871BD49AE4009479E9 /* UIColor+ABBColors.m */,
				3855E2701BB10AA5004C5D11 /* UIView+ConfigureForAutoLayout.h */,
				3855E2711BB10AA5004C5D11 /* UIView+ConfigureForAutoLayout.m */,
				380375701B8BF058004C4ECE /* UIImage+FromURL.h */,
				380375711B8BF058004C4ECE /* UIImage+FromURL.m */,
				384E0CBE1B97D24B007E7290 /* NSString+dateValue.h */,
				384E0CBF1B97D24B007E7290 /* NSString+dateValue.m */,
				388DBE311BAA54C8005C5125 /* UIImage+imageScaledToHeight.h */,
				388DBE321BAA54C8005C5125 /* UIImage+imageScaledToHeight.m */,
			);
			name = Categories;
			sourceTree = "<group>";
		};
		386B7D101BF15A73004A1DF8 /* Library Construction Scene */ = {
			isa = PBXGroup;
			children = (
				386B7D0D1BF154AD004A1DF8 /* LBR_LibraryConstruction_TableViewController.h */,
				386B7D0E1BF154AD004A1DF8 /* LBR_LibraryConstruction_TableViewController.m */,
				386B7D141BF15BC2004A1DF8 /* LBR_LibrarySelection_TableViewCell.h */,
				386B7D151BF15BC2004A1DF8 /* LBR_LibrarySelection_TableViewCell.m */,
			);
			name = "Library Construction Scene";
			sourceTree = "<group>";
		};
		38A329041BE3F22A0060E9D5 /* Network */ = {
			isa = PBXGroup;
			children = (
				38A329051BE3F24F0060E9D5 /* Reachability.h */,
				38A329061BE3F24F0060E9D5 /* Reachability.m */,
			);
			name = Network;
			sourceTree = "<group>";
		};
		38CF73FD1BAF51130070134E /* FlatUIKit Categories */ = {
			isa = PBXGroup;
			children = (
				3810D9FC1BD5BDE60093D5C2 /* UIColor-Expanded.m */,
				3810D9FD1BD5BDE60093D5C2 /* UIColor-Expanded.h */,
				38CF74301BAF51AF0070134E /* FlatUI+Categories.h */,
				38F57B9D1BB0707200CC2EE8 /* UIToolbar+FlatUI.m */,
				38F57B9E1BB0707200CC2EE8 /* UIToolbar+FlatUI.h */,
				38F57BA11BB0707200CC2EE8 /* UITabBar+FlatUI.m */,
				38F57BA21BB0707200CC2EE8 /* UITabBar+FlatUI.h */,
				38F57BA31BB0707200CC2EE8 /* UIStepper+FlatUI.m */,
				38F57BA41BB0707200CC2EE8 /* UIStepper+FlatUI.h */,
				38F57BA51BB0707200CC2EE8 /* UISlider+FlatUI.m */,
				38F57BA61BB0707200CC2EE8 /* UISlider+FlatUI.h */,
				38F57BA71BB0707200CC2EE8 /* UIProgressView+FlatUI.m */,
				38F57BA81BB0707200CC2EE8 /* UIProgressView+FlatUI.h */,
				38F57BAB1BB0707200CC2EE8 /* UINavigationBar+FlatUI.m */,
				38F57BAC1BB0707200CC2EE8 /* UINavigationBar+FlatUI.h */,
				38F57BAD1BB0707200CC2EE8 /* UIImage+FlatUI.m */,
				38F57BAE1BB0707200CC2EE8 /* UIImage+FlatUI.h */,
				38F57BAF1BB0707200CC2EE8 /* UIFont+FlatUI.m */,
				38F57BB01BB0707200CC2EE8 /* UIFont+FlatUI.h */,
				38F57BB11BB0707200CC2EE8 /* UIColor+FlatUI.m */,
				38F57BB21BB0707200CC2EE8 /* UIColor+FlatUI.h */,
				3810D9F61BD585150093D5C2 /* UITableViewCell+FlatUI.h */,
				3810D9F71BD585150093D5C2 /* UITableViewCell+FlatUI.m */,
				3810D9F91BD585300093D5C2 /* FUICellBackgroundView.h */,
				3810D9FA1BD585300093D5C2 /* FUICellBackgroundView.m */,
				38F57BB31BB0707200CC2EE8 /* UIBarButtonItem+FlatUI.m */,
				38F57BB41BB0707200CC2EE8 /* UIBarButtonItem+FlatUI.h */,
				38F57BB51BB0707200CC2EE8 /* NSString+Icons.m */,
				38F57BB61BB0707200CC2EE8 /* NSString+Icons.h */,
				38CF741D1BAF51340070134E /* Resources */,
			);
			name = "FlatUIKit Categories";
			sourceTree = "<group>";
		};
		38CF741D1BAF51340070134E /* Resources */ = {
			isa = PBXGroup;
			children = (
				38F57BCE1BB0740300CC2EE8 /* Lato-Regular.ttf */,
				38F57BCF1BB0740300CC2EE8 /* Lato-Light.ttf */,
				38F57BD01BB0740300CC2EE8 /* Lato-Italic.ttf */,
				38F57BD11BB0740300CC2EE8 /* Lato-Bold.ttf */,
				38F57BD21BB0740300CC2EE8 /* flat-ui-icons-regular.ttf */,
			);
			name = Resources;
			path = ../Pods/FlatUIKit;
			sourceTree = "<group>";
		};
		38D6019F1BDAAEE400E3D60F /* Layouts */ = {
			isa = PBXGroup;
			children = (
				38D6019C1BDAAEDE00E3D60F /* LBRRecommendations_FlowLayout.h */,
				38D6019D1BDAAEDE00E3D60F /* LBRRecommendations_FlowLayout.m */,
			);
			name = Layouts;
			sourceTree = "<group>";
		};
		38DC81C81BCB3E57002A3B80 /* NSBoilerPlate */ = {
			isa = PBXGroup;
			children = (
				382CE7FB1B9E09ED000A9701 /* Librarius-Prefix.pch */,
				3803757D1B8C16B3004C4ECE /* GoogleService-Info.plist */,
				380375301B8AC9A8004C4ECE /* Info.plist */,
				380375311B8AC9A8004C4ECE /* main.m */,
			);
			name = NSBoilerPlate;
			sourceTree = "<group>";
		};
		38DC81C91BCB3E66002A3B80 /* Constants */ = {
			isa = PBXGroup;
			children = (
				380375591B8B9F5E004C4ECE /* LBRConstants.h */,
				3803755A1B8B9F5E004C4ECE /* LBRConstants.m */,
			);
			name = Constants;
			sourceTree = "<group>";
		};
		8D3D60166B48602A9D5DE1B9 /* Frameworks */ = {
			isa = PBXGroup;
			children = (
				38D601971BDA95B100E3D60F /* iAd.framework */,
				EBADCB9C83FA635A577697F9 /* libPods-Librarius.a */,
			);
			name = Frameworks;
			sourceTree = "<group>";
		};
/* End PBXGroup section */

/* Begin PBXNativeTarget section */
		3803752B1B8AC9A8004C4ECE /* Librarius */ = {
			isa = PBXNativeTarget;
			buildConfigurationList = 380375521B8AC9A8004C4ECE /* Build configuration list for PBXNativeTarget "Librarius" */;
			buildPhases = (
				AA88423D6CD43B3E9F89296E /* Check Pods Manifest.lock */,
				380375281B8AC9A8004C4ECE /* Sources */,
				380375291B8AC9A8004C4ECE /* Frameworks */,
				3803752A1B8AC9A8004C4ECE /* Resources */,
				CFA5D81F792834EBE39AF74C /* Copy Pods Resources */,
				381EBBFF1BA0833A000D2FA4 /* ShellScript */,
				B35AA5D9AD5BD823EFEF29F0 /* Embed Pods Frameworks */,
			);
			buildRules = (
			);
			dependencies = (
			);
			name = Librarius;
			productName = Librarius;
			productReference = 3803752C1B8AC9A8004C4ECE /* Librarius.app */;
			productType = "com.apple.product-type.application";
		};
		380375471B8AC9A8004C4ECE /* LibrariusTests */ = {
			isa = PBXNativeTarget;
			buildConfigurationList = 380375551B8AC9A8004C4ECE /* Build configuration list for PBXNativeTarget "LibrariusTests" */;
			buildPhases = (
				380375441B8AC9A8004C4ECE /* Sources */,
				380375451B8AC9A8004C4ECE /* Frameworks */,
				380375461B8AC9A8004C4ECE /* Resources */,
			);
			buildRules = (
			);
			dependencies = (
				3803754A1B8AC9A8004C4ECE /* PBXTargetDependency */,
			);
			name = LibrariusTests;
			productName = LibrariusTests;
			productReference = 380375481B8AC9A8004C4ECE /* LibrariusTests.xctest */;
			productType = "com.apple.product-type.bundle.unit-test";
		};
/* End PBXNativeTarget section */

/* Begin PBXProject section */
		380375241B8AC9A8004C4ECE /* Project object */ = {
			isa = PBXProject;
			attributes = {
				CLASSPREFIX = LBR;
				LastUpgradeCheck = 0700;
				ORGANIZATIONNAME = "Amitai Blickstein, LLC";
				TargetAttributes = {
					3803752B1B8AC9A8004C4ECE = {
						CreatedOnToolsVersion = 6.4;
						DevelopmentTeam = 8VC65F749H;
						SystemCapabilities = {
							com.apple.iCloud = {
								enabled = 0;
							};
						};
					};
					380375471B8AC9A8004C4ECE = {
						CreatedOnToolsVersion = 6.4;
						TestTargetID = 3803752B1B8AC9A8004C4ECE;
					};
				};
			};
			buildConfigurationList = 380375271B8AC9A8004C4ECE /* Build configuration list for PBXProject "Librarius" */;
			compatibilityVersion = "Xcode 3.2";
			developmentRegion = English;
			hasScannedForEncodings = 0;
			knownRegions = (
				en,
				Base,
			);
			mainGroup = 380375231B8AC9A8004C4ECE;
			productRefGroup = 3803752D1B8AC9A8004C4ECE /* Products */;
			projectDirPath = "";
			projectRoot = "";
			targets = (
				3803752B1B8AC9A8004C4ECE /* Librarius */,
				380375471B8AC9A8004C4ECE /* LibrariusTests */,
			);
		};
/* End PBXProject section */

/* Begin PBXResourcesBuildPhase section */
		3803752A1B8AC9A8004C4ECE /* Resources */ = {
			isa = PBXResourcesBuildPhase;
			buildActionMask = 2147483647;
			files = (
				3803753E1B8AC9A8004C4ECE /* Main.storyboard in Resources */,
				3803757E1B8C16B3004C4ECE /* GoogleService-Info.plist in Resources */,
				38D601A11BDABE1E00E3D60F /* TODO-FIXME-list.md in Resources */,
				3803757F1B8C17EB004C4ECE /* LaunchScreen.xib in Resources */,
				3810DA211BD5E1420093D5C2 /* ADVFlatUI-Resources.xcassets in Resources */,
				380375401B8AC9A8004C4ECE /* Images.xcassets in Resources */,
				38CD5FD11B9DE78400963D2F /* VolumeDetailsCell.xib in Resources */,
				387039B81B9D23C900381007 /* SelectionView.xib in Resources */,
				38BE31E21B961F7000C46001 /* volumePresentationView.xib in Resources */,
				38DA43DD1BE705EF00FEFD16 /* LBRSettingsCell.xib in Resources */,
			);
			runOnlyForDeploymentPostprocessing = 0;
		};
		380375461B8AC9A8004C4ECE /* Resources */ = {
			isa = PBXResourcesBuildPhase;
			buildActionMask = 2147483647;
			files = (
			);
			runOnlyForDeploymentPostprocessing = 0;
		};
/* End PBXResourcesBuildPhase section */

/* Begin PBXShellScriptBuildPhase section */
		381EBBFF1BA0833A000D2FA4 /* ShellScript */ = {
			isa = PBXShellScriptBuildPhase;
			buildActionMask = 2147483647;
			files = (
			);
			inputPaths = (
			);
			outputPaths = (
			);
			runOnlyForDeploymentPostprocessing = 0;
			shellPath = /bin/sh;
			shellScript = "KEYWORDS=\"TODO:|FIXME:|\\?\\?\\?:|\\!\\!\\!:|CLEAN:\"\nfind \"${SRCROOT}\" \\( -name \"*.h\" -or -name \"*.m\" \\) -print0 | xargs -0 egrep --with-filename --line-number --only-matching \"($KEYWORDS).*\\$\" | perl -p -e \"s/($KEYWORDS)/ warning: \\$1/\"";
		};
		AA88423D6CD43B3E9F89296E /* Check Pods Manifest.lock */ = {
			isa = PBXShellScriptBuildPhase;
			buildActionMask = 2147483647;
			files = (
			);
			inputPaths = (
			);
			name = "Check Pods Manifest.lock";
			outputPaths = (
			);
			runOnlyForDeploymentPostprocessing = 0;
			shellPath = /bin/sh;
			shellScript = "diff \"${PODS_ROOT}/../Podfile.lock\" \"${PODS_ROOT}/Manifest.lock\" > /dev/null\nif [[ $? != 0 ]] ; then\n    cat << EOM\nerror: The sandbox is not in sync with the Podfile.lock. Run 'pod install' or update your CocoaPods installation.\nEOM\n    exit 1\nfi\n";
			showEnvVarsInLog = 0;
		};
		B35AA5D9AD5BD823EFEF29F0 /* Embed Pods Frameworks */ = {
			isa = PBXShellScriptBuildPhase;
			buildActionMask = 2147483647;
			files = (
			);
			inputPaths = (
			);
			name = "Embed Pods Frameworks";
			outputPaths = (
			);
			runOnlyForDeploymentPostprocessing = 0;
			shellPath = /bin/sh;
			shellScript = "\"${SRCROOT}/Pods/Target Support Files/Pods-Librarius/Pods-Librarius-frameworks.sh\"\n";
			showEnvVarsInLog = 0;
		};
		CFA5D81F792834EBE39AF74C /* Copy Pods Resources */ = {
			isa = PBXShellScriptBuildPhase;
			buildActionMask = 2147483647;
			files = (
			);
			inputPaths = (
			);
			name = "Copy Pods Resources";
			outputPaths = (
			);
			runOnlyForDeploymentPostprocessing = 0;
			shellPath = /bin/sh;
			shellScript = "\"${SRCROOT}/Pods/Target Support Files/Pods-Librarius/Pods-Librarius-resources.sh\"\n";
			showEnvVarsInLog = 0;
		};
/* End PBXShellScriptBuildPhase section */

/* Begin PBXSourcesBuildPhase section */
		380375281B8AC9A8004C4ECE /* Sources */ = {
			isa = PBXSourcesBuildPhase;
			buildActionMask = 2147483647;
			files = (
				380DBB991BEC527A003BE27D /* UIView+ABB_Categories.m in Sources */,
				38F57BC31BB0707200CC2EE8 /* NSString+Icons.m in Sources */,
				380375351B8AC9A8004C4ECE /* AppDelegate.m in Sources */,
				3810DA101BD5E0980093D5C2 /* Utils.m in Sources */,
				3810DA111BD5E0980093D5C2 /* FlatTheme.m in Sources */,
				380375F81B8D4E90004C4ECE /* BookDetailViewController.m in Sources */,
				383E18E51BF256BE0002F9DE /* Library+CoreDataProperties.m in Sources */,
				38DA43DB1BE7056900FEFD16 /* LBRSettingsCell.m in Sources */,
				38AAD6F01B901175003062C1 /* Librarius.xcdatamodeld in Sources */,
				3810DA1E1BD5E0ED0093D5C2 /* MBProgressHUD.m in Sources */,
				38F57BBF1BB0707200CC2EE8 /* UIImage+FlatUI.m in Sources */,
				38E71DAF1BA337BB00DE1C61 /* LBRShelvedBook_CollectionViewCell.m in Sources */,
				38F57BC11BB0707200CC2EE8 /* UIColor+FlatUI.m in Sources */,
				383E18E41BF256BE0002F9DE /* Volume+CoreDataProperties.m in Sources */,
				3855E26F1BB0DBD4004C5D11 /* LBRAlertContent_TableViewCell.m in Sources */,
				380375F71B8D4E90004C4ECE /* BookCollection_TableViewController.m in Sources */,
				38F57BB71BB0707200CC2EE8 /* UIToolbar+FlatUI.m in Sources */,
				38F57BBB1BB0707200CC2EE8 /* UISlider+FlatUI.m in Sources */,
				38F57BB91BB0707200CC2EE8 /* UITabBar+FlatUI.m in Sources */,
				38F57BBA1BB0707200CC2EE8 /* UIStepper+FlatUI.m in Sources */,
				380375321B8AC9A8004C4ECE /* main.m in Sources */,
				388266801BDEC70F004B757F /* LBR_EmptyFlowLayout.m in Sources */,
				384E0CC01B97D24B007E7290 /* NSString+dateValue.m in Sources */,
				3810DA141BD5E0A90093D5C2 /* SettingsCell1.m in Sources */,
				380DBB9C1BEC53FA003BE27D /* LBR_BookcasePopoverViewController.m in Sources */,
				381FC2951BD13A09003A3C52 /* LBR_BookcaseCollectionViewController.m in Sources */,
				381EBC051BA0FF63000D2FA4 /* LBRShelves_CollectionViewController.m in Sources */,
				382A83BD1BB3D6E1008860CF /* PresentDetailTransition.m in Sources */,
				382A83C11BB3D926008860CF /* DismissDetailTransition.m in Sources */,
				380375721B8BF058004C4ECE /* UIImage+FromURL.m in Sources */,
				3837F2D01BE2F33A00170FF6 /* Bookcase.m in Sources */,
				386C23781BD968920065B46F /* LBRRecommendedBook_CollectionViewCell.m in Sources */,
				38F57BBC1BB0707200CC2EE8 /* UIProgressView+FlatUI.m in Sources */,
				38E2497F1BE2AEEC0047EBF7 /* ABB_BufferToolbar.m in Sources */,
				38D6019E1BDAAEDE00E3D60F /* LBRRecommendations_FlowLayout.m in Sources */,
				388DBE301BAA0F60005C5125 /* LBRCustomLayout.m in Sources */,
				386C23751BD934520065B46F /* LBRRecommendations_CollectionViewHeader.m in Sources */,
				3803753B1B8AC9A8004C4ECE /* LBRBarcodeScannerViewController.m in Sources */,
				3803755B1B8B9F5E004C4ECE /* LBRConstants.m in Sources */,
				3851DBFD1B8E2E5A00E90B9F /* LBRDataManager.m in Sources */,
				38FABE881BD49AE4009479E9 /* UIColor+ABBColors.m in Sources */,
				3837F2CE1BE2F33A00170FF6 /* Volume.m in Sources */,
				380375621B8BB707004C4ECE /* LBRGoodReadsAPIClient.m in Sources */,
				38103B591BD033AE009F22E3 /* LBR_ShelvedBookCell.m in Sources */,
				383A2F961BEEE42A006D115F /* LBR_PopoverBackgroundView.m in Sources */,
				3837F2C41BE2F1B200170FF6 /* CoverArt.m in Sources */,
				388DBDF31BA9174A005C5125 /* THNavigationController.m in Sources */,
				38DA43D31BE66FD200FEFD16 /* LBR_BookcaseLayout_AuthorOnly.m in Sources */,
				38103B5C1BD033E4009F22E3 /* LBR_BookcaseLayout.m in Sources */,
				3810D9F81BD585150093D5C2 /* UITableViewCell+FlatUI.m in Sources */,
				38F57BC21BB0707200CC2EE8 /* UIBarButtonItem+FlatUI.m in Sources */,
				3810D9FB1BD585300093D5C2 /* FUICellBackgroundView.m in Sources */,
				38A329071BE3F24F0060E9D5 /* Reachability.m in Sources */,
				38466D281B94F24400DD252E /* LBRGoogleGTLClient.m in Sources */,
				3803756A1B8BC89D004C4ECE /* LBRGoogleSignInViewController.m in Sources */,
				38DA43D01BE66F2B00FEFD16 /* README.md in Sources */,
				38D6019B1BDAAAC900E3D60F /* LBRShelf_DecorationView.m in Sources */,
				383E18E31BF256BE0002F9DE /* CoverArt+CoreDataProperties.m in Sources */,
				3810D9FE1BD5BDE60093D5C2 /* UIColor-Expanded.m in Sources */,
				38F57BBE1BB0707200CC2EE8 /* UINavigationBar+FlatUI.m in Sources */,
				38F3C0D91BDFE01F005AF2ED /* LBR_ResultsTableViewController.m in Sources */,
				382A83BA1BB3BA94008860CF /* LBRRecommendationsCollectionViewController.m in Sources */,
				38DF003A1BE7F9C800D4BCE3 /* LBRAcknowledgements_ViewController.m in Sources */,
				383E18E21BF256BE0002F9DE /* Bookcase+CoreDataProperties.m in Sources */,
				386B7D161BF15BC2004A1DF8 /* LBR_LibrarySelection_TableViewCell.m in Sources */,
				386B7D0F1BF154AD004A1DF8 /* LBR_LibraryConstruction_TableViewController.m in Sources */,
				381FC2BB1BD15D45003A3C52 /* LBR_BookcaseModel.m in Sources */,
				388DBE331BAA54C8005C5125 /* UIImage+imageScaledToHeight.m in Sources */,
				38DF003D1BE7FFE900D4BCE3 /* NSString+ArrayWriter.m in Sources */,
				38565D701B9A20B800349498 /* LBRParsedVolume.m in Sources */,
				38F57BC01BB0707200CC2EE8 /* UIFont+FlatUI.m in Sources */,
				3837F2CF1BE2F33A00170FF6 /* Library.m in Sources */,
				382A83ED1BB4AF98008860CF /* LBRBatchScanScrollView.m in Sources */,
				3855E2721BB10AA5004C5D11 /* UIView+ConfigureForAutoLayout.m in Sources */,
			);
			runOnlyForDeploymentPostprocessing = 0;
		};
		380375441B8AC9A8004C4ECE /* Sources */ = {
			isa = PBXSourcesBuildPhase;
			buildActionMask = 2147483647;
			files = (
				3803754F1B8AC9A8004C4ECE /* LibrariusTests.m in Sources */,
			);
			runOnlyForDeploymentPostprocessing = 0;
		};
/* End PBXSourcesBuildPhase section */

/* Begin PBXTargetDependency section */
		3803754A1B8AC9A8004C4ECE /* PBXTargetDependency */ = {
			isa = PBXTargetDependency;
			target = 3803752B1B8AC9A8004C4ECE /* Librarius */;
			targetProxy = 380375491B8AC9A8004C4ECE /* PBXContainerItemProxy */;
		};
/* End PBXTargetDependency section */

/* Begin PBXVariantGroup section */
		3803753C1B8AC9A8004C4ECE /* Main.storyboard */ = {
			isa = PBXVariantGroup;
			children = (
				3803753D1B8AC9A8004C4ECE /* Base */,
			);
			name = Main.storyboard;
			sourceTree = "<group>";
		};
		380375411B8AC9A8004C4ECE /* LaunchScreen.xib */ = {
			isa = PBXVariantGroup;
			children = (
				380375421B8AC9A8004C4ECE /* Base */,
			);
			name = LaunchScreen.xib;
			sourceTree = "<group>";
		};
/* End PBXVariantGroup section */

/* Begin XCBuildConfiguration section */
		380375501B8AC9A8004C4ECE /* Debug */ = {
			isa = XCBuildConfiguration;
			buildSettings = {
				ALWAYS_SEARCH_USER_PATHS = NO;
				CLANG_CXX_LANGUAGE_STANDARD = "gnu++0x";
				CLANG_CXX_LIBRARY = "libc++";
				CLANG_ENABLE_MODULES = YES;
				CLANG_ENABLE_OBJC_ARC = YES;
				CLANG_WARN_BOOL_CONVERSION = YES;
				CLANG_WARN_CONSTANT_CONVERSION = YES;
				CLANG_WARN_DIRECT_OBJC_ISA_USAGE = YES_ERROR;
				CLANG_WARN_EMPTY_BODY = YES;
				CLANG_WARN_ENUM_CONVERSION = YES;
				CLANG_WARN_INT_CONVERSION = YES;
				CLANG_WARN_OBJC_ROOT_CLASS = YES_ERROR;
				CLANG_WARN_UNREACHABLE_CODE = YES;
				CLANG_WARN__DUPLICATE_METHOD_MATCH = YES;
				"CODE_SIGN_IDENTITY[sdk=iphoneos*]" = "iPhone Developer";
				COPY_PHASE_STRIP = NO;
				DEBUG_INFORMATION_FORMAT = "dwarf-with-dsym";
				ENABLE_STRICT_OBJC_MSGSEND = YES;
				ENABLE_TESTABILITY = YES;
				GCC_C_LANGUAGE_STANDARD = gnu99;
				GCC_DYNAMIC_NO_PIC = NO;
				GCC_NO_COMMON_BLOCKS = YES;
				GCC_OPTIMIZATION_LEVEL = 0;
				GCC_PREPROCESSOR_DEFINITIONS = (
					"DEBUG=1",
					"$(inherited)",
				);
				GCC_SYMBOLS_PRIVATE_EXTERN = NO;
				GCC_WARN_64_TO_32_BIT_CONVERSION = YES;
				GCC_WARN_ABOUT_RETURN_TYPE = YES_ERROR;
				GCC_WARN_UNDECLARED_SELECTOR = YES;
				GCC_WARN_UNINITIALIZED_AUTOS = YES_AGGRESSIVE;
				GCC_WARN_UNUSED_FUNCTION = YES;
				GCC_WARN_UNUSED_VARIABLE = YES;
				IPHONEOS_DEPLOYMENT_TARGET = 8.4;
				MTL_ENABLE_DEBUG_INFO = YES;
				ONLY_ACTIVE_ARCH = YES;
				SDKROOT = iphoneos;
			};
			name = Debug;
		};
		380375511B8AC9A8004C4ECE /* Release */ = {
			isa = XCBuildConfiguration;
			buildSettings = {
				ALWAYS_SEARCH_USER_PATHS = NO;
				CLANG_CXX_LANGUAGE_STANDARD = "gnu++0x";
				CLANG_CXX_LIBRARY = "libc++";
				CLANG_ENABLE_MODULES = YES;
				CLANG_ENABLE_OBJC_ARC = YES;
				CLANG_WARN_BOOL_CONVERSION = YES;
				CLANG_WARN_CONSTANT_CONVERSION = YES;
				CLANG_WARN_DIRECT_OBJC_ISA_USAGE = YES_ERROR;
				CLANG_WARN_EMPTY_BODY = YES;
				CLANG_WARN_ENUM_CONVERSION = YES;
				CLANG_WARN_INT_CONVERSION = YES;
				CLANG_WARN_OBJC_ROOT_CLASS = YES_ERROR;
				CLANG_WARN_UNREACHABLE_CODE = YES;
				CLANG_WARN__DUPLICATE_METHOD_MATCH = YES;
				"CODE_SIGN_IDENTITY[sdk=iphoneos*]" = "iPhone Developer";
				COPY_PHASE_STRIP = NO;
				DEBUG_INFORMATION_FORMAT = "dwarf-with-dsym";
				ENABLE_NS_ASSERTIONS = NO;
				ENABLE_STRICT_OBJC_MSGSEND = YES;
				GCC_C_LANGUAGE_STANDARD = gnu99;
				GCC_NO_COMMON_BLOCKS = YES;
				GCC_WARN_64_TO_32_BIT_CONVERSION = YES;
				GCC_WARN_ABOUT_RETURN_TYPE = YES_ERROR;
				GCC_WARN_UNDECLARED_SELECTOR = YES;
				GCC_WARN_UNINITIALIZED_AUTOS = YES_AGGRESSIVE;
				GCC_WARN_UNUSED_FUNCTION = YES;
				GCC_WARN_UNUSED_VARIABLE = YES;
				IPHONEOS_DEPLOYMENT_TARGET = 8.4;
				MTL_ENABLE_DEBUG_INFO = NO;
				SDKROOT = iphoneos;
				VALIDATE_PRODUCT = YES;
			};
			name = Release;
		};
		380375531B8AC9A8004C4ECE /* Debug */ = {
			isa = XCBuildConfiguration;
			baseConfigurationReference = 8D3D33401D5A34E1C9A90BE0 /* Pods-Librarius.debug.xcconfig */;
			buildSettings = {
				ALWAYS_SEARCH_USER_PATHS = NO;
				ASSETCATALOG_COMPILER_APPICON_NAME = AppIcon;
				CODE_SIGN_IDENTITY = "iPhone Developer";
				"CODE_SIGN_IDENTITY[sdk=iphoneos*]" = "iPhone Developer";
				ENABLE_BITCODE = NO;
				GCC_INCREASE_PRECOMPILED_HEADER_SHARING = YES;
				GCC_PRECOMPILE_PREFIX_HEADER = YES;
				GCC_PREFIX_HEADER = "Librarius/Librarius-Prefix.pch";
				INFOPLIST_FILE = Librarius/Info.plist;
				IPHONEOS_DEPLOYMENT_TARGET = 9.1;
				LD_RUNPATH_SEARCH_PATHS = "$(inherited) @executable_path/Frameworks";
				LIBRARY_SEARCH_PATHS = "$(inherited)";
				PRODUCT_BUNDLE_IDENTIFIER = "com.objective-v.$(PRODUCT_NAME:rfc1034identifier)";
				PRODUCT_NAME = "$(TARGET_NAME)";
				PROVISIONING_PROFILE = "";
			};
			name = Debug;
		};
		380375541B8AC9A8004C4ECE /* Release */ = {
			isa = XCBuildConfiguration;
			baseConfigurationReference = 9B10AB83782954202B2FDC18 /* Pods-Librarius.release.xcconfig */;
			buildSettings = {
				ALWAYS_SEARCH_USER_PATHS = NO;
				ASSETCATALOG_COMPILER_APPICON_NAME = AppIcon;
				CODE_SIGN_IDENTITY = "iPhone Developer";
				"CODE_SIGN_IDENTITY[sdk=iphoneos*]" = "iPhone Developer";
				ENABLE_BITCODE = NO;
				GCC_INCREASE_PRECOMPILED_HEADER_SHARING = YES;
				GCC_PRECOMPILE_PREFIX_HEADER = YES;
				GCC_PREFIX_HEADER = "Librarius/Librarius-Prefix.pch";
				INFOPLIST_FILE = Librarius/Info.plist;
				IPHONEOS_DEPLOYMENT_TARGET = 9.1;
				LD_RUNPATH_SEARCH_PATHS = "$(inherited) @executable_path/Frameworks";
				LIBRARY_SEARCH_PATHS = "$(inherited)";
				PRODUCT_BUNDLE_IDENTIFIER = "com.objective-v.$(PRODUCT_NAME:rfc1034identifier)";
				PRODUCT_NAME = "$(TARGET_NAME)";
				PROVISIONING_PROFILE = "";
			};
			name = Release;
		};
		380375561B8AC9A8004C4ECE /* Debug */ = {
			isa = XCBuildConfiguration;
			buildSettings = {
				BUNDLE_LOADER = "$(TEST_HOST)";
				FRAMEWORK_SEARCH_PATHS = (
					"$(SDKROOT)/Developer/Library/Frameworks",
					"$(inherited)",
				);
				GCC_PREPROCESSOR_DEFINITIONS = (
					"DEBUG=1",
					"$(inherited)",
				);
				INFOPLIST_FILE = LibrariusTests/Info.plist;
				LD_RUNPATH_SEARCH_PATHS = "$(inherited) @executable_path/Frameworks @loader_path/Frameworks";
				PRODUCT_BUNDLE_IDENTIFIER = "com.objective-v.$(PRODUCT_NAME:rfc1034identifier)";
				PRODUCT_NAME = "$(TARGET_NAME)";
				TEST_HOST = "$(BUILT_PRODUCTS_DIR)/Librarius.app/Librarius";
			};
			name = Debug;
		};
		380375571B8AC9A8004C4ECE /* Release */ = {
			isa = XCBuildConfiguration;
			buildSettings = {
				BUNDLE_LOADER = "$(TEST_HOST)";
				FRAMEWORK_SEARCH_PATHS = (
					"$(SDKROOT)/Developer/Library/Frameworks",
					"$(inherited)",
				);
				INFOPLIST_FILE = LibrariusTests/Info.plist;
				LD_RUNPATH_SEARCH_PATHS = "$(inherited) @executable_path/Frameworks @loader_path/Frameworks";
				PRODUCT_BUNDLE_IDENTIFIER = "com.objective-v.$(PRODUCT_NAME:rfc1034identifier)";
				PRODUCT_NAME = "$(TARGET_NAME)";
				TEST_HOST = "$(BUILT_PRODUCTS_DIR)/Librarius.app/Librarius";
			};
			name = Release;
		};
/* End XCBuildConfiguration section */

/* Begin XCConfigurationList section */
		380375271B8AC9A8004C4ECE /* Build configuration list for PBXProject "Librarius" */ = {
			isa = XCConfigurationList;
			buildConfigurations = (
				380375501B8AC9A8004C4ECE /* Debug */,
				380375511B8AC9A8004C4ECE /* Release */,
			);
			defaultConfigurationIsVisible = 0;
			defaultConfigurationName = Release;
		};
		380375521B8AC9A8004C4ECE /* Build configuration list for PBXNativeTarget "Librarius" */ = {
			isa = XCConfigurationList;
			buildConfigurations = (
				380375531B8AC9A8004C4ECE /* Debug */,
				380375541B8AC9A8004C4ECE /* Release */,
			);
			defaultConfigurationIsVisible = 0;
			defaultConfigurationName = Release;
		};
		380375551B8AC9A8004C4ECE /* Build configuration list for PBXNativeTarget "LibrariusTests" */ = {
			isa = XCConfigurationList;
			buildConfigurations = (
				380375561B8AC9A8004C4ECE /* Debug */,
				380375571B8AC9A8004C4ECE /* Release */,
			);
			defaultConfigurationIsVisible = 0;
			defaultConfigurationName = Release;
		};
/* End XCConfigurationList section */

/* Begin XCVersionGroup section */
		38AAD6EE1B901175003062C1 /* Librarius.xcdatamodeld */ = {
			isa = XCVersionGroup;
			children = (
				38A965261BF273FC009F1B5D /* Librarius 3.xcdatamodel */,
				38AAD6EF1B901175003062C1 /* Librarius.xcdatamodel */,
			);
			currentVersion = 38AAD6EF1B901175003062C1 /* Librarius.xcdatamodel */;
			path = Librarius.xcdatamodeld;
			sourceTree = "<group>";
			versionGroupType = wrapper.xcdatamodel;
		};
/* End XCVersionGroup section */
	};
	rootObject = 380375241B8AC9A8004C4ECE /* Project object */;
}
